Microsoft Visual Studio Solution File, Format Version 12.00
# Visual Studio 15
VisualStudioVersion = 15.0.28307.1169
MinimumVisualStudioVersion = 10.0.40219.1
Project("{8BC9CEB8-8B4A-11D0-8D11-00A0C91BC942}") = "IEXPLORER", "iexplorer\IEXPLORER.vcxproj", "{D9808E75-2AE0-8E9C-65AA-E6604A78884B}"
EndProject
Project("{8BC9CEB8-8B4A-11D0-8D11-00A0C91BC942}") = "Matrix", "Matrix\Matrix.vcxproj", "{BE636E7E-8DE5-FFC8-46A7-4E3F1AE172B1}"
EndProject
Project("{8BC9CEB8-8B4A-11D0-8D11-00A0C91BC942}") = "datastructure", "datastructure\datastructure.vcxproj", "{F30AE15C-24C2-7A67-A81A-527E46CF7A85}"
EndProject
Project("{8BC9CEB8-8B4A-11D0-8D11-00A0C91BC942}") = "filtreeffet", "filtreeffet\filtreeffet.vcxproj", "{7E4E477A-0E8F-7653-16C0-CAB69817877E}"
EndProject
Project("{8BC9CEB8-8B4A-11D0-8D11-00A0C91BC942}") = "importpic", "importpic\importpic.vcxproj", "{043259E5-5E51-5FC8-6F0A-70CABC556F63}"
EndProject
Project("{8BC9CEB8-8B4A-11D0-8D11-00A0C91BC942}") = "libWindow", "libWindow\libWindow.vcxproj", "{B4BD55BC-929E-B58B-1C42-81B400A1FA94}"
EndProject
Project("{8BC9CEB8-8B4A-11D0-8D11-00A0C91BC942}") = "libopengl", "libopengl\libopengl.vcxproj", "{D4F8EF00-F111-4116-B61F-5514BE10ADA4}"
EndProject
Project("{8BC9CEB8-8B4A-11D0-8D11-00A0C91BC942}") = "mp3", "mp3\mp3.vcxproj", "{D399662E-DB13-93D8-76B5-6DABFC652B1E}"
EndProject
Project("{8BC9CEB8-8B4A-11D0-8D11-00A0C91BC942}") = "ziplib", "otherlib\ziplib\ziplib.vcxproj", "{F47E24AD-1976-72F4-EFB8-BAEC4175F080}"
EndProject
Project("{8BC9CEB8-8B4A-11D0-8D11-00A0C91BC942}") = "libaspi", "libaspi\libaspi.vcxproj", "{52DBA213-F889-4CCD-8AAD-BE79A5F62AF2}"
EndProject
Project("{8BC9CEB8-8B4A-11D0-8D11-00A0C91BC942}") = "libdialog", "libdialog\libdialog.vcxproj", "{19C8044C-E9F8-4F68-B97C-469B5E5C186C}"
EndProject
Project("{8BC9CEB8-8B4A-11D0-8D11-00A0C91BC942}") = "libbitmap", "libbitmap\libbitmap.vcxproj", "{41517175-FAD2-4B93-B947-6C4F6B8445CE}"
EndProject
Project("{8BC9CEB8-8B4A-11D0-8D11-00A0C91BC942}") = "libvideo", "libvideo\libvideo.vcxproj", "{FC8A24C6-633B-4F89-AB08-F4383D41AE8D}"
EndProject
Project("{8BC9CEB8-8B4A-11D0-8D11-00A0C91BC942}") = "libSqlServerCE", "libSqlServerCE\libSqlServerCE.vcxproj", "{A5418A42-6C2C-49D4-8969-8E1212A7A3EE}"
EndProject
Project("{8BC9CEB8-8B4A-11D0-8D11-00A0C91BC942}") = "libutility", "libutility\libutility.vcxproj", "{AE074263-E06D-4E09-A9BB-38FBC81CDDB1}"
EndProject
Project("{8BC9CEB8-8B4A-11D0-8D11-00A0C91BC942}") = "libcomobject", "libcomobject\libcomobject.vcxproj", "{DA121169-6F3E-4F68-B6BC-2A2975EE7386}"
EndProject
Project("{8BC9CEB8-8B4A-11D0-8D11-00A0C91BC942}") = "LibGpGpu", "LibGpGpu\LibGpGpu.vcxproj", "{9D2494B8-D59A-44E9-80C1-883A69FC24F3}"
EndProject
Project("{2150E333-8FDC-42A3-9474-1A3956D46DE8}") = "Regards", "Regards", "{95503DA4-6FAD-4B51-8B91-CE5C857D6AE1}"
EndProject
Project("{2150E333-8FDC-42A3-9474-1A3956D46DE8}") = "Librairie Externe", "Librairie Externe", "{4F72132E-312B-4560-92B4-8F4612656F1C}"
EndProject
Project("{8BC9CEB8-8B4A-11D0-8D11-00A0C91BC942}") = "Tiff", "otherlib\tiff\Tiff.vcxproj", "{605F4BE7-E559-5FD3-C55E-F1A4D6BACD1A}"
EndProject
Project("{8BC9CEB8-8B4A-11D0-8D11-00A0C91BC942}") = "jasper", "otherlib\jasper\jasper.vcxproj", "{8207FB9A-1DA6-3A43-C7DA-33FD95AE843F}"
EndProject
Project("{8BC9CEB8-8B4A-11D0-8D11-00A0C91BC942}") = "libpng", "otherlib\libpng\msvc\libpng.vcxproj", "{4A04D38A-66F0-1257-9452-649A5DEBE7C6}"
EndProject
Project("{8BC9CEB8-8B4A-11D0-8D11-00A0C91BC942}") = "libungif", "otherlib\libungif\libungif\libungif.vcxproj", "{7BEA582F-69D2-487E-AE37-B3CF399B1734}"
EndProject
Project("{8BC9CEB8-8B4A-11D0-8D11-00A0C91BC942}") = "zlib", "otherlib\libpng\msvc\zlib.vcxproj", "{27F7A3DE-A542-1FBB-9750-AF54B86C9B77}"
EndProject
Project("{8BC9CEB8-8B4A-11D0-8D11-00A0C91BC942}") = "JpegLib", "otherlib\JpegLib\JpegLib.vcxproj", "{89E70DEE-2BF5-4852-9E0C-8F1671F63BBB}"
EndProject
Project("{8BC9CEB8-8B4A-11D0-8D11-00A0C91BC942}") = "LibRawDll", "LibRawDll\LibRawDll.vcxproj", "{4CFEFB82-C34D-4D3F-B21D-95F288555B19}"
EndProject
Project("{8BC9CEB8-8B4A-11D0-8D11-00A0C91BC942}") = "libjasper", "otherlib\libjasper\jasper-1.900.1\src\msvc\libjasper.vcxproj", "{6F9F2876-CE1A-4F94-877C-6EB063CFB3C0}"
EndProject
Project("{8BC9CEB8-8B4A-11D0-8D11-00A0C91BC942}") = "splitter", "splitter.vcxproj", "{E314627E-EB18-436A-BB39-CF84BEE25868}"
EndProject
Global
	GlobalSection(SolutionConfigurationPlatforms) = preSolution
		Debug|Win32 = Debug|Win32
		Debug|x64 = Debug|x64
		Regards Standard P4|Win32 = Regards Standard P4|Win32
		Regards Standard P4|x64 = Regards Standard P4|x64
		Release Anglaise|Win32 = Release Anglaise|Win32
		Release Anglaise|x64 = Release Anglaise|x64
		Release English|Win32 = Release English|Win32
		Release English|x64 = Release English|x64
		Release en-US|Win32 = Release en-US|Win32
		Release en-US|x64 = Release en-US|x64
		Release es-ES|Win32 = Release es-ES|Win32
		Release es-ES|x64 = Release es-ES|x64
		Release fr-FR|Win32 = Release fr-FR|Win32
		Release fr-FR|x64 = Release fr-FR|x64
		Release P4 Standard|Win32 = Release P4 Standard|Win32
		Release P4 Standard|x64 = Release P4 Standard|x64
		Release SPANISH|Win32 = Release SPANISH|Win32
		Release SPANISH|x64 = Release SPANISH|x64
		Release Standard P4|Win32 = Release Standard P4|Win32
		Release Standard P4|x64 = Release Standard P4|x64
		Release test|Win32 = Release test|Win32
		Release test|x64 = Release test|x64
		Release|Win32 = Release|Win32
		Release|x64 = Release|x64
	EndGlobalSection
	GlobalSection(ProjectConfigurationPlatforms) = postSolution
		{D9808E75-2AE0-8E9C-65AA-E6604A78884B}.Debug|Win32.ActiveCfg = Debug|Win32
		{D9808E75-2AE0-8E9C-65AA-E6604A78884B}.Debug|Win32.Build.0 = Debug|Win32
		{D9808E75-2AE0-8E9C-65AA-E6604A78884B}.Debug|x64.ActiveCfg = Debug|x64
		{D9808E75-2AE0-8E9C-65AA-E6604A78884B}.Debug|x64.Build.0 = Debug|x64
		{D9808E75-2AE0-8E9C-65AA-E6604A78884B}.Regards Standard P4|Win32.ActiveCfg = Release|x64
		{D9808E75-2AE0-8E9C-65AA-E6604A78884B}.Regards Standard P4|x64.ActiveCfg = Release|x64
		{D9808E75-2AE0-8E9C-65AA-E6604A78884B}.Regards Standard P4|x64.Build.0 = Release|x64
		{D9808E75-2AE0-8E9C-65AA-E6604A78884B}.Release Anglaise|Win32.ActiveCfg = Release test|x64
		{D9808E75-2AE0-8E9C-65AA-E6604A78884B}.Release Anglaise|x64.ActiveCfg = Release test|x64
		{D9808E75-2AE0-8E9C-65AA-E6604A78884B}.Release Anglaise|x64.Build.0 = Release test|x64
		{D9808E75-2AE0-8E9C-65AA-E6604A78884B}.Release English|Win32.ActiveCfg = Release en-US|x64
		{D9808E75-2AE0-8E9C-65AA-E6604A78884B}.Release English|x64.ActiveCfg = Release en-US|x64
		{D9808E75-2AE0-8E9C-65AA-E6604A78884B}.Release English|x64.Build.0 = Release en-US|x64
		{D9808E75-2AE0-8E9C-65AA-E6604A78884B}.Release en-US|Win32.ActiveCfg = Release|Win32
		{D9808E75-2AE0-8E9C-65AA-E6604A78884B}.Release en-US|x64.ActiveCfg = Release|x64
		{D9808E75-2AE0-8E9C-65AA-E6604A78884B}.Release en-US|x64.Build.0 = Release|x64
		{D9808E75-2AE0-8E9C-65AA-E6604A78884B}.Release es-ES|Win32.ActiveCfg = Release|Win32
		{D9808E75-2AE0-8E9C-65AA-E6604A78884B}.Release es-ES|x64.ActiveCfg = Release|x64
		{D9808E75-2AE0-8E9C-65AA-E6604A78884B}.Release es-ES|x64.Build.0 = Release|x64
		{D9808E75-2AE0-8E9C-65AA-E6604A78884B}.Release fr-FR|Win32.ActiveCfg = Release fr-FR|Win32
		{D9808E75-2AE0-8E9C-65AA-E6604A78884B}.Release fr-FR|Win32.Build.0 = Release fr-FR|Win32
		{D9808E75-2AE0-8E9C-65AA-E6604A78884B}.Release fr-FR|x64.ActiveCfg = Release fr-FR|x64
		{D9808E75-2AE0-8E9C-65AA-E6604A78884B}.Release fr-FR|x64.Build.0 = Release fr-FR|x64
		{D9808E75-2AE0-8E9C-65AA-E6604A78884B}.Release P4 Standard|Win32.ActiveCfg = Release test|x64
		{D9808E75-2AE0-8E9C-65AA-E6604A78884B}.Release P4 Standard|x64.ActiveCfg = Release test|x64
		{D9808E75-2AE0-8E9C-65AA-E6604A78884B}.Release P4 Standard|x64.Build.0 = Release test|x64
		{D9808E75-2AE0-8E9C-65AA-E6604A78884B}.Release SPANISH|Win32.ActiveCfg = Release test|x64
		{D9808E75-2AE0-8E9C-65AA-E6604A78884B}.Release SPANISH|x64.ActiveCfg = Release test|x64
		{D9808E75-2AE0-8E9C-65AA-E6604A78884B}.Release SPANISH|x64.Build.0 = Release test|x64
		{D9808E75-2AE0-8E9C-65AA-E6604A78884B}.Release Standard P4|Win32.ActiveCfg = Release test|x64
		{D9808E75-2AE0-8E9C-65AA-E6604A78884B}.Release Standard P4|x64.ActiveCfg = Release test|x64
		{D9808E75-2AE0-8E9C-65AA-E6604A78884B}.Release Standard P4|x64.Build.0 = Release test|x64
		{D9808E75-2AE0-8E9C-65AA-E6604A78884B}.Release test|Win32.ActiveCfg = Release test|Win32
		{D9808E75-2AE0-8E9C-65AA-E6604A78884B}.Release test|Win32.Build.0 = Release test|Win32
		{D9808E75-2AE0-8E9C-65AA-E6604A78884B}.Release test|x64.ActiveCfg = Release test|x64
		{D9808E75-2AE0-8E9C-65AA-E6604A78884B}.Release test|x64.Build.0 = Release test|x64
		{D9808E75-2AE0-8E9C-65AA-E6604A78884B}.Release|Win32.ActiveCfg = Release|Win32
		{D9808E75-2AE0-8E9C-65AA-E6604A78884B}.Release|Win32.Build.0 = Release|Win32
		{D9808E75-2AE0-8E9C-65AA-E6604A78884B}.Release|x64.ActiveCfg = Release|x64
		{D9808E75-2AE0-8E9C-65AA-E6604A78884B}.Release|x64.Build.0 = Release|x64
		{BE636E7E-8DE5-FFC8-46A7-4E3F1AE172B1}.Debug|Win32.ActiveCfg = Debug|Win32
		{BE636E7E-8DE5-FFC8-46A7-4E3F1AE172B1}.Debug|Win32.Build.0 = Debug|Win32
		{BE636E7E-8DE5-FFC8-46A7-4E3F1AE172B1}.Debug|x64.ActiveCfg = Debug|x64
		{BE636E7E-8DE5-FFC8-46A7-4E3F1AE172B1}.Debug|x64.Build.0 = Debug|x64
		{BE636E7E-8DE5-FFC8-46A7-4E3F1AE172B1}.Regards Standard P4|Win32.ActiveCfg = Release|x64
		{BE636E7E-8DE5-FFC8-46A7-4E3F1AE172B1}.Regards Standard P4|x64.ActiveCfg = Release|x64
		{BE636E7E-8DE5-FFC8-46A7-4E3F1AE172B1}.Regards Standard P4|x64.Build.0 = Release|x64
		{BE636E7E-8DE5-FFC8-46A7-4E3F1AE172B1}.Release Anglaise|Win32.ActiveCfg = Release test|x64
		{BE636E7E-8DE5-FFC8-46A7-4E3F1AE172B1}.Release Anglaise|x64.ActiveCfg = Release test|x64
		{BE636E7E-8DE5-FFC8-46A7-4E3F1AE172B1}.Release Anglaise|x64.Build.0 = Release test|x64
		{BE636E7E-8DE5-FFC8-46A7-4E3F1AE172B1}.Release English|Win32.ActiveCfg = Release en-US|x64
		{BE636E7E-8DE5-FFC8-46A7-4E3F1AE172B1}.Release English|x64.ActiveCfg = Release en-US|x64
		{BE636E7E-8DE5-FFC8-46A7-4E3F1AE172B1}.Release English|x64.Build.0 = Release en-US|x64
		{BE636E7E-8DE5-FFC8-46A7-4E3F1AE172B1}.Release en-US|Win32.ActiveCfg = Release|Win32
		{BE636E7E-8DE5-FFC8-46A7-4E3F1AE172B1}.Release en-US|x64.ActiveCfg = Release|x64
		{BE636E7E-8DE5-FFC8-46A7-4E3F1AE172B1}.Release en-US|x64.Build.0 = Release|x64
		{BE636E7E-8DE5-FFC8-46A7-4E3F1AE172B1}.Release es-ES|Win32.ActiveCfg = Release|Win32
		{BE636E7E-8DE5-FFC8-46A7-4E3F1AE172B1}.Release es-ES|x64.ActiveCfg = Release|x64
		{BE636E7E-8DE5-FFC8-46A7-4E3F1AE172B1}.Release es-ES|x64.Build.0 = Release|x64
		{BE636E7E-8DE5-FFC8-46A7-4E3F1AE172B1}.Release fr-FR|Win32.ActiveCfg = Release fr-FR|Win32
		{BE636E7E-8DE5-FFC8-46A7-4E3F1AE172B1}.Release fr-FR|Win32.Build.0 = Release fr-FR|Win32
		{BE636E7E-8DE5-FFC8-46A7-4E3F1AE172B1}.Release fr-FR|x64.ActiveCfg = Release fr-FR|x64
		{BE636E7E-8DE5-FFC8-46A7-4E3F1AE172B1}.Release fr-FR|x64.Build.0 = Release fr-FR|x64
		{BE636E7E-8DE5-FFC8-46A7-4E3F1AE172B1}.Release P4 Standard|Win32.ActiveCfg = Release test|x64
		{BE636E7E-8DE5-FFC8-46A7-4E3F1AE172B1}.Release P4 Standard|x64.ActiveCfg = Release test|x64
		{BE636E7E-8DE5-FFC8-46A7-4E3F1AE172B1}.Release P4 Standard|x64.Build.0 = Release test|x64
		{BE636E7E-8DE5-FFC8-46A7-4E3F1AE172B1}.Release SPANISH|Win32.ActiveCfg = Release test|x64
		{BE636E7E-8DE5-FFC8-46A7-4E3F1AE172B1}.Release SPANISH|x64.ActiveCfg = Release test|x64
		{BE636E7E-8DE5-FFC8-46A7-4E3F1AE172B1}.Release SPANISH|x64.Build.0 = Release test|x64
		{BE636E7E-8DE5-FFC8-46A7-4E3F1AE172B1}.Release Standard P4|Win32.ActiveCfg = Release test|x64
		{BE636E7E-8DE5-FFC8-46A7-4E3F1AE172B1}.Release Standard P4|x64.ActiveCfg = Release test|x64
		{BE636E7E-8DE5-FFC8-46A7-4E3F1AE172B1}.Release Standard P4|x64.Build.0 = Release test|x64
		{BE636E7E-8DE5-FFC8-46A7-4E3F1AE172B1}.Release test|Win32.ActiveCfg = Release test|Win32
		{BE636E7E-8DE5-FFC8-46A7-4E3F1AE172B1}.Release test|Win32.Build.0 = Release test|Win32
		{BE636E7E-8DE5-FFC8-46A7-4E3F1AE172B1}.Release test|x64.ActiveCfg = Release test|x64
		{BE636E7E-8DE5-FFC8-46A7-4E3F1AE172B1}.Release test|x64.Build.0 = Release test|x64
		{BE636E7E-8DE5-FFC8-46A7-4E3F1AE172B1}.Release|Win32.ActiveCfg = Release|Win32
		{BE636E7E-8DE5-FFC8-46A7-4E3F1AE172B1}.Release|Win32.Build.0 = Release|Win32
		{BE636E7E-8DE5-FFC8-46A7-4E3F1AE172B1}.Release|x64.ActiveCfg = Release|x64
		{BE636E7E-8DE5-FFC8-46A7-4E3F1AE172B1}.Release|x64.Build.0 = Release|x64
		{F30AE15C-24C2-7A67-A81A-527E46CF7A85}.Debug|Win32.ActiveCfg = Debug|Win32
		{F30AE15C-24C2-7A67-A81A-527E46CF7A85}.Debug|Win32.Build.0 = Debug|Win32
		{F30AE15C-24C2-7A67-A81A-527E46CF7A85}.Debug|x64.ActiveCfg = Debug|x64
		{F30AE15C-24C2-7A67-A81A-527E46CF7A85}.Debug|x64.Build.0 = Debug|x64
		{F30AE15C-24C2-7A67-A81A-527E46CF7A85}.Regards Standard P4|Win32.ActiveCfg = Release|x64
		{F30AE15C-24C2-7A67-A81A-527E46CF7A85}.Regards Standard P4|x64.ActiveCfg = Release|x64
		{F30AE15C-24C2-7A67-A81A-527E46CF7A85}.Regards Standard P4|x64.Build.0 = Release|x64
		{F30AE15C-24C2-7A67-A81A-527E46CF7A85}.Release Anglaise|Win32.ActiveCfg = Release test|x64
		{F30AE15C-24C2-7A67-A81A-527E46CF7A85}.Release Anglaise|x64.ActiveCfg = Release test|x64
		{F30AE15C-24C2-7A67-A81A-527E46CF7A85}.Release Anglaise|x64.Build.0 = Release test|x64
		{F30AE15C-24C2-7A67-A81A-527E46CF7A85}.Release English|Win32.ActiveCfg = Release en-US|x64
		{F30AE15C-24C2-7A67-A81A-527E46CF7A85}.Release English|x64.ActiveCfg = Release en-US|x64
		{F30AE15C-24C2-7A67-A81A-527E46CF7A85}.Release English|x64.Build.0 = Release en-US|x64
		{F30AE15C-24C2-7A67-A81A-527E46CF7A85}.Release en-US|Win32.ActiveCfg = Release|Win32
		{F30AE15C-24C2-7A67-A81A-527E46CF7A85}.Release en-US|x64.ActiveCfg = Release|x64
		{F30AE15C-24C2-7A67-A81A-527E46CF7A85}.Release en-US|x64.Build.0 = Release|x64
		{F30AE15C-24C2-7A67-A81A-527E46CF7A85}.Release es-ES|Win32.ActiveCfg = Release|Win32
		{F30AE15C-24C2-7A67-A81A-527E46CF7A85}.Release es-ES|x64.ActiveCfg = Release|x64
		{F30AE15C-24C2-7A67-A81A-527E46CF7A85}.Release es-ES|x64.Build.0 = Release|x64
		{F30AE15C-24C2-7A67-A81A-527E46CF7A85}.Release fr-FR|Win32.ActiveCfg = Release fr-FR|Win32
		{F30AE15C-24C2-7A67-A81A-527E46CF7A85}.Release fr-FR|Win32.Build.0 = Release fr-FR|Win32
		{F30AE15C-24C2-7A67-A81A-527E46CF7A85}.Release fr-FR|x64.ActiveCfg = Release fr-FR|x64
		{F30AE15C-24C2-7A67-A81A-527E46CF7A85}.Release fr-FR|x64.Build.0 = Release fr-FR|x64
		{F30AE15C-24C2-7A67-A81A-527E46CF7A85}.Release P4 Standard|Win32.ActiveCfg = Release test|x64
		{F30AE15C-24C2-7A67-A81A-527E46CF7A85}.Release P4 Standard|x64.ActiveCfg = Release test|x64
		{F30AE15C-24C2-7A67-A81A-527E46CF7A85}.Release P4 Standard|x64.Build.0 = Release test|x64
		{F30AE15C-24C2-7A67-A81A-527E46CF7A85}.Release SPANISH|Win32.ActiveCfg = Release test|x64
		{F30AE15C-24C2-7A67-A81A-527E46CF7A85}.Release SPANISH|x64.ActiveCfg = Release test|x64
		{F30AE15C-24C2-7A67-A81A-527E46CF7A85}.Release SPANISH|x64.Build.0 = Release test|x64
		{F30AE15C-24C2-7A67-A81A-527E46CF7A85}.Release Standard P4|Win32.ActiveCfg = Release test|x64
		{F30AE15C-24C2-7A67-A81A-527E46CF7A85}.Release Standard P4|x64.ActiveCfg = Release test|x64
		{F30AE15C-24C2-7A67-A81A-527E46CF7A85}.Release Standard P4|x64.Build.0 = Release test|x64
		{F30AE15C-24C2-7A67-A81A-527E46CF7A85}.Release test|Win32.ActiveCfg = Release test|Win32
		{F30AE15C-24C2-7A67-A81A-527E46CF7A85}.Release test|Win32.Build.0 = Release test|Win32
		{F30AE15C-24C2-7A67-A81A-527E46CF7A85}.Release test|x64.ActiveCfg = Release test|x64
		{F30AE15C-24C2-7A67-A81A-527E46CF7A85}.Release test|x64.Build.0 = Release test|x64
		{F30AE15C-24C2-7A67-A81A-527E46CF7A85}.Release|Win32.ActiveCfg = Release|Win32
		{F30AE15C-24C2-7A67-A81A-527E46CF7A85}.Release|Win32.Build.0 = Release|Win32
		{F30AE15C-24C2-7A67-A81A-527E46CF7A85}.Release|x64.ActiveCfg = Release|x64
		{F30AE15C-24C2-7A67-A81A-527E46CF7A85}.Release|x64.Build.0 = Release|x64
		{7E4E477A-0E8F-7653-16C0-CAB69817877E}.Debug|Win32.ActiveCfg = Debug|Win32
		{7E4E477A-0E8F-7653-16C0-CAB69817877E}.Debug|Win32.Build.0 = Debug|Win32
		{7E4E477A-0E8F-7653-16C0-CAB69817877E}.Debug|x64.ActiveCfg = Debug|x64
		{7E4E477A-0E8F-7653-16C0-CAB69817877E}.Debug|x64.Build.0 = Debug|x64
		{7E4E477A-0E8F-7653-16C0-CAB69817877E}.Regards Standard P4|Win32.ActiveCfg = Release|x64
		{7E4E477A-0E8F-7653-16C0-CAB69817877E}.Regards Standard P4|x64.ActiveCfg = Release|x64
		{7E4E477A-0E8F-7653-16C0-CAB69817877E}.Regards Standard P4|x64.Build.0 = Release|x64
		{7E4E477A-0E8F-7653-16C0-CAB69817877E}.Release Anglaise|Win32.ActiveCfg = Release test|x64
		{7E4E477A-0E8F-7653-16C0-CAB69817877E}.Release Anglaise|x64.ActiveCfg = Release test|x64
		{7E4E477A-0E8F-7653-16C0-CAB69817877E}.Release Anglaise|x64.Build.0 = Release test|x64
		{7E4E477A-0E8F-7653-16C0-CAB69817877E}.Release English|Win32.ActiveCfg = Release en-US|x64
		{7E4E477A-0E8F-7653-16C0-CAB69817877E}.Release English|x64.ActiveCfg = Release en-US|x64
		{7E4E477A-0E8F-7653-16C0-CAB69817877E}.Release English|x64.Build.0 = Release en-US|x64
		{7E4E477A-0E8F-7653-16C0-CAB69817877E}.Release en-US|Win32.ActiveCfg = Release|Win32
		{7E4E477A-0E8F-7653-16C0-CAB69817877E}.Release en-US|x64.ActiveCfg = Release|x64
		{7E4E477A-0E8F-7653-16C0-CAB69817877E}.Release en-US|x64.Build.0 = Release|x64
		{7E4E477A-0E8F-7653-16C0-CAB69817877E}.Release es-ES|Win32.ActiveCfg = Release|Win32
		{7E4E477A-0E8F-7653-16C0-CAB69817877E}.Release es-ES|x64.ActiveCfg = Release|x64
		{7E4E477A-0E8F-7653-16C0-CAB69817877E}.Release es-ES|x64.Build.0 = Release|x64
		{7E4E477A-0E8F-7653-16C0-CAB69817877E}.Release fr-FR|Win32.ActiveCfg = Release fr-FR|Win32
		{7E4E477A-0E8F-7653-16C0-CAB69817877E}.Release fr-FR|Win32.Build.0 = Release fr-FR|Win32
		{7E4E477A-0E8F-7653-16C0-CAB69817877E}.Release fr-FR|x64.ActiveCfg = Release fr-FR|x64
		{7E4E477A-0E8F-7653-16C0-CAB69817877E}.Release fr-FR|x64.Build.0 = Release fr-FR|x64
		{7E4E477A-0E8F-7653-16C0-CAB69817877E}.Release P4 Standard|Win32.ActiveCfg = Release test|x64
		{7E4E477A-0E8F-7653-16C0-CAB69817877E}.Release P4 Standard|x64.ActiveCfg = Release test|x64
		{7E4E477A-0E8F-7653-16C0-CAB69817877E}.Release P4 Standard|x64.Build.0 = Release test|x64
		{7E4E477A-0E8F-7653-16C0-CAB69817877E}.Release SPANISH|Win32.ActiveCfg = Release test|x64
		{7E4E477A-0E8F-7653-16C0-CAB69817877E}.Release SPANISH|x64.ActiveCfg = Release test|x64
		{7E4E477A-0E8F-7653-16C0-CAB69817877E}.Release SPANISH|x64.Build.0 = Release test|x64
		{7E4E477A-0E8F-7653-16C0-CAB69817877E}.Release Standard P4|Win32.ActiveCfg = Release test|x64
		{7E4E477A-0E8F-7653-16C0-CAB69817877E}.Release Standard P4|x64.ActiveCfg = Release test|x64
		{7E4E477A-0E8F-7653-16C0-CAB69817877E}.Release Standard P4|x64.Build.0 = Release test|x64
		{7E4E477A-0E8F-7653-16C0-CAB69817877E}.Release test|Win32.ActiveCfg = Release test|Win32
		{7E4E477A-0E8F-7653-16C0-CAB69817877E}.Release test|Win32.Build.0 = Release test|Win32
		{7E4E477A-0E8F-7653-16C0-CAB69817877E}.Release test|x64.ActiveCfg = Release test|x64
		{7E4E477A-0E8F-7653-16C0-CAB69817877E}.Release test|x64.Build.0 = Release test|x64
		{7E4E477A-0E8F-7653-16C0-CAB69817877E}.Release|Win32.ActiveCfg = Release|Win32
		{7E4E477A-0E8F-7653-16C0-CAB69817877E}.Release|Win32.Build.0 = Release|Win32
		{7E4E477A-0E8F-7653-16C0-CAB69817877E}.Release|x64.ActiveCfg = Release|x64
		{7E4E477A-0E8F-7653-16C0-CAB69817877E}.Release|x64.Build.0 = Release|x64
		{043259E5-5E51-5FC8-6F0A-70CABC556F63}.Debug|Win32.ActiveCfg = Debug|Win32
		{043259E5-5E51-5FC8-6F0A-70CABC556F63}.Debug|Win32.Build.0 = Debug|Win32
		{043259E5-5E51-5FC8-6F0A-70CABC556F63}.Debug|x64.ActiveCfg = Debug|x64
		{043259E5-5E51-5FC8-6F0A-70CABC556F63}.Debug|x64.Build.0 = Debug|x64
		{043259E5-5E51-5FC8-6F0A-70CABC556F63}.Regards Standard P4|Win32.ActiveCfg = Release|x64
		{043259E5-5E51-5FC8-6F0A-70CABC556F63}.Regards Standard P4|x64.ActiveCfg = Release|x64
		{043259E5-5E51-5FC8-6F0A-70CABC556F63}.Regards Standard P4|x64.Build.0 = Release|x64
		{043259E5-5E51-5FC8-6F0A-70CABC556F63}.Release Anglaise|Win32.ActiveCfg = Release test|x64
		{043259E5-5E51-5FC8-6F0A-70CABC556F63}.Release Anglaise|x64.ActiveCfg = Release test|x64
		{043259E5-5E51-5FC8-6F0A-70CABC556F63}.Release Anglaise|x64.Build.0 = Release test|x64
		{043259E5-5E51-5FC8-6F0A-70CABC556F63}.Release English|Win32.ActiveCfg = Release en-US|x64
		{043259E5-5E51-5FC8-6F0A-70CABC556F63}.Release English|x64.ActiveCfg = Release en-US|x64
		{043259E5-5E51-5FC8-6F0A-70CABC556F63}.Release English|x64.Build.0 = Release en-US|x64
		{043259E5-5E51-5FC8-6F0A-70CABC556F63}.Release en-US|Win32.ActiveCfg = Release|Win32
		{043259E5-5E51-5FC8-6F0A-70CABC556F63}.Release en-US|x64.ActiveCfg = Release|x64
		{043259E5-5E51-5FC8-6F0A-70CABC556F63}.Release en-US|x64.Build.0 = Release|x64
		{043259E5-5E51-5FC8-6F0A-70CABC556F63}.Release es-ES|Win32.ActiveCfg = Release|Win32
		{043259E5-5E51-5FC8-6F0A-70CABC556F63}.Release es-ES|x64.ActiveCfg = Release|x64
		{043259E5-5E51-5FC8-6F0A-70CABC556F63}.Release es-ES|x64.Build.0 = Release|x64
		{043259E5-5E51-5FC8-6F0A-70CABC556F63}.Release fr-FR|Win32.ActiveCfg = Release fr-FR|Win32
		{043259E5-5E51-5FC8-6F0A-70CABC556F63}.Release fr-FR|Win32.Build.0 = Release fr-FR|Win32
		{043259E5-5E51-5FC8-6F0A-70CABC556F63}.Release fr-FR|x64.ActiveCfg = Release fr-FR|x64
		{043259E5-5E51-5FC8-6F0A-70CABC556F63}.Release fr-FR|x64.Build.0 = Release fr-FR|x64
		{043259E5-5E51-5FC8-6F0A-70CABC556F63}.Release P4 Standard|Win32.ActiveCfg = Release test|x64
		{043259E5-5E51-5FC8-6F0A-70CABC556F63}.Release P4 Standard|x64.ActiveCfg = Release test|x64
		{043259E5-5E51-5FC8-6F0A-70CABC556F63}.Release P4 Standard|x64.Build.0 = Release test|x64
		{043259E5-5E51-5FC8-6F0A-70CABC556F63}.Release SPANISH|Win32.ActiveCfg = Release test|x64
		{043259E5-5E51-5FC8-6F0A-70CABC556F63}.Release SPANISH|x64.ActiveCfg = Release test|x64
		{043259E5-5E51-5FC8-6F0A-70CABC556F63}.Release SPANISH|x64.Build.0 = Release test|x64
		{043259E5-5E51-5FC8-6F0A-70CABC556F63}.Release Standard P4|Win32.ActiveCfg = Release test|x64
		{043259E5-5E51-5FC8-6F0A-70CABC556F63}.Release Standard P4|x64.ActiveCfg = Release test|x64
		{043259E5-5E51-5FC8-6F0A-70CABC556F63}.Release Standard P4|x64.Build.0 = Release test|x64
		{043259E5-5E51-5FC8-6F0A-70CABC556F63}.Release test|Win32.ActiveCfg = Release test|Win32
		{043259E5-5E51-5FC8-6F0A-70CABC556F63}.Release test|Win32.Build.0 = Release test|Win32
		{043259E5-5E51-5FC8-6F0A-70CABC556F63}.Release test|x64.ActiveCfg = Release test|x64
		{043259E5-5E51-5FC8-6F0A-70CABC556F63}.Release test|x64.Build.0 = Release test|x64
		{043259E5-5E51-5FC8-6F0A-70CABC556F63}.Release|Win32.ActiveCfg = Release|Win32
		{043259E5-5E51-5FC8-6F0A-70CABC556F63}.Release|Win32.Build.0 = Release|Win32
		{043259E5-5E51-5FC8-6F0A-70CABC556F63}.Release|x64.ActiveCfg = Release|x64
		{043259E5-5E51-5FC8-6F0A-70CABC556F63}.Release|x64.Build.0 = Release|x64
		{B4BD55BC-929E-B58B-1C42-81B400A1FA94}.Debug|Win32.ActiveCfg = Debug|Win32
		{B4BD55BC-929E-B58B-1C42-81B400A1FA94}.Debug|Win32.Build.0 = Debug|Win32
		{B4BD55BC-929E-B58B-1C42-81B400A1FA94}.Debug|x64.ActiveCfg = Debug|x64
		{B4BD55BC-929E-B58B-1C42-81B400A1FA94}.Debug|x64.Build.0 = Debug|x64
		{B4BD55BC-929E-B58B-1C42-81B400A1FA94}.Regards Standard P4|Win32.ActiveCfg = Release|x64
		{B4BD55BC-929E-B58B-1C42-81B400A1FA94}.Regards Standard P4|x64.ActiveCfg = Release|x64
		{B4BD55BC-929E-B58B-1C42-81B400A1FA94}.Regards Standard P4|x64.Build.0 = Release|x64
		{B4BD55BC-929E-B58B-1C42-81B400A1FA94}.Release Anglaise|Win32.ActiveCfg = Release test|x64
		{B4BD55BC-929E-B58B-1C42-81B400A1FA94}.Release Anglaise|x64.ActiveCfg = Release test|x64
		{B4BD55BC-929E-B58B-1C42-81B400A1FA94}.Release Anglaise|x64.Build.0 = Release test|x64
		{B4BD55BC-929E-B58B-1C42-81B400A1FA94}.Release English|Win32.ActiveCfg = Release en-US|x64
		{B4BD55BC-929E-B58B-1C42-81B400A1FA94}.Release English|x64.ActiveCfg = Release en-US|x64
		{B4BD55BC-929E-B58B-1C42-81B400A1FA94}.Release English|x64.Build.0 = Release en-US|x64
		{B4BD55BC-929E-B58B-1C42-81B400A1FA94}.Release en-US|Win32.ActiveCfg = Release|Win32
		{B4BD55BC-929E-B58B-1C42-81B400A1FA94}.Release en-US|x64.ActiveCfg = Release|x64
		{B4BD55BC-929E-B58B-1C42-81B400A1FA94}.Release en-US|x64.Build.0 = Release|x64
		{B4BD55BC-929E-B58B-1C42-81B400A1FA94}.Release es-ES|Win32.ActiveCfg = Release|Win32
		{B4BD55BC-929E-B58B-1C42-81B400A1FA94}.Release es-ES|x64.ActiveCfg = Release|x64
		{B4BD55BC-929E-B58B-1C42-81B400A1FA94}.Release es-ES|x64.Build.0 = Release|x64
		{B4BD55BC-929E-B58B-1C42-81B400A1FA94}.Release fr-FR|Win32.ActiveCfg = Release fr-FR|Win32
		{B4BD55BC-929E-B58B-1C42-81B400A1FA94}.Release fr-FR|Win32.Build.0 = Release fr-FR|Win32
		{B4BD55BC-929E-B58B-1C42-81B400A1FA94}.Release fr-FR|x64.ActiveCfg = Release fr-FR|x64
		{B4BD55BC-929E-B58B-1C42-81B400A1FA94}.Release fr-FR|x64.Build.0 = Release fr-FR|x64
		{B4BD55BC-929E-B58B-1C42-81B400A1FA94}.Release P4 Standard|Win32.ActiveCfg = Release test|x64
		{B4BD55BC-929E-B58B-1C42-81B400A1FA94}.Release P4 Standard|x64.ActiveCfg = Release test|x64
		{B4BD55BC-929E-B58B-1C42-81B400A1FA94}.Release P4 Standard|x64.Build.0 = Release test|x64
		{B4BD55BC-929E-B58B-1C42-81B400A1FA94}.Release SPANISH|Win32.ActiveCfg = Release test|x64
		{B4BD55BC-929E-B58B-1C42-81B400A1FA94}.Release SPANISH|x64.ActiveCfg = Release test|x64
		{B4BD55BC-929E-B58B-1C42-81B400A1FA94}.Release SPANISH|x64.Build.0 = Release test|x64
		{B4BD55BC-929E-B58B-1C42-81B400A1FA94}.Release Standard P4|Win32.ActiveCfg = Release test|x64
		{B4BD55BC-929E-B58B-1C42-81B400A1FA94}.Release Standard P4|x64.ActiveCfg = Release test|x64
		{B4BD55BC-929E-B58B-1C42-81B400A1FA94}.Release Standard P4|x64.Build.0 = Release test|x64
		{B4BD55BC-929E-B58B-1C42-81B400A1FA94}.Release test|Win32.ActiveCfg = Release test|Win32
		{B4BD55BC-929E-B58B-1C42-81B400A1FA94}.Release test|Win32.Build.0 = Release test|Win32
		{B4BD55BC-929E-B58B-1C42-81B400A1FA94}.Release test|x64.ActiveCfg = Release test|x64
		{B4BD55BC-929E-B58B-1C42-81B400A1FA94}.Release test|x64.Build.0 = Release test|x64
		{B4BD55BC-929E-B58B-1C42-81B400A1FA94}.Release|Win32.ActiveCfg = Release|Win32
		{B4BD55BC-929E-B58B-1C42-81B400A1FA94}.Release|Win32.Build.0 = Release|Win32
		{B4BD55BC-929E-B58B-1C42-81B400A1FA94}.Release|x64.ActiveCfg = Release|x64
		{B4BD55BC-929E-B58B-1C42-81B400A1FA94}.Release|x64.Build.0 = Release|x64
		{D4F8EF00-F111-4116-B61F-5514BE10ADA4}.Debug|Win32.ActiveCfg = Debug|Win32
		{D4F8EF00-F111-4116-B61F-5514BE10ADA4}.Debug|Win32.Build.0 = Debug|Win32
		{D4F8EF00-F111-4116-B61F-5514BE10ADA4}.Debug|x64.ActiveCfg = Debug|x64
		{D4F8EF00-F111-4116-B61F-5514BE10ADA4}.Debug|x64.Build.0 = Debug|x64
		{D4F8EF00-F111-4116-B61F-5514BE10ADA4}.Regards Standard P4|Win32.ActiveCfg = Release|x64
		{D4F8EF00-F111-4116-B61F-5514BE10ADA4}.Regards Standard P4|x64.ActiveCfg = Release|x64
		{D4F8EF00-F111-4116-B61F-5514BE10ADA4}.Regards Standard P4|x64.Build.0 = Release|x64
		{D4F8EF00-F111-4116-B61F-5514BE10ADA4}.Release Anglaise|Win32.ActiveCfg = Release test|x64
		{D4F8EF00-F111-4116-B61F-5514BE10ADA4}.Release Anglaise|x64.ActiveCfg = Release test|x64
		{D4F8EF00-F111-4116-B61F-5514BE10ADA4}.Release Anglaise|x64.Build.0 = Release test|x64
		{D4F8EF00-F111-4116-B61F-5514BE10ADA4}.Release English|Win32.ActiveCfg = Release en-US|x64
		{D4F8EF00-F111-4116-B61F-5514BE10ADA4}.Release English|x64.ActiveCfg = Release en-US|x64
		{D4F8EF00-F111-4116-B61F-5514BE10ADA4}.Release English|x64.Build.0 = Release en-US|x64
		{D4F8EF00-F111-4116-B61F-5514BE10ADA4}.Release en-US|Win32.ActiveCfg = Release|Win32
		{D4F8EF00-F111-4116-B61F-5514BE10ADA4}.Release en-US|x64.ActiveCfg = Release|x64
		{D4F8EF00-F111-4116-B61F-5514BE10ADA4}.Release en-US|x64.Build.0 = Release|x64
		{D4F8EF00-F111-4116-B61F-5514BE10ADA4}.Release es-ES|Win32.ActiveCfg = Release|Win32
		{D4F8EF00-F111-4116-B61F-5514BE10ADA4}.Release es-ES|x64.ActiveCfg = Release|x64
		{D4F8EF00-F111-4116-B61F-5514BE10ADA4}.Release es-ES|x64.Build.0 = Release|x64
		{D4F8EF00-F111-4116-B61F-5514BE10ADA4}.Release fr-FR|Win32.ActiveCfg = Release fr-FR|Win32
		{D4F8EF00-F111-4116-B61F-5514BE10ADA4}.Release fr-FR|Win32.Build.0 = Release fr-FR|Win32
		{D4F8EF00-F111-4116-B61F-5514BE10ADA4}.Release fr-FR|x64.ActiveCfg = Release fr-FR|x64
		{D4F8EF00-F111-4116-B61F-5514BE10ADA4}.Release fr-FR|x64.Build.0 = Release fr-FR|x64
		{D4F8EF00-F111-4116-B61F-5514BE10ADA4}.Release P4 Standard|Win32.ActiveCfg = Release test|x64
		{D4F8EF00-F111-4116-B61F-5514BE10ADA4}.Release P4 Standard|x64.ActiveCfg = Release test|x64
		{D4F8EF00-F111-4116-B61F-5514BE10ADA4}.Release P4 Standard|x64.Build.0 = Release test|x64
		{D4F8EF00-F111-4116-B61F-5514BE10ADA4}.Release SPANISH|Win32.ActiveCfg = Release test|x64
		{D4F8EF00-F111-4116-B61F-5514BE10ADA4}.Release SPANISH|x64.ActiveCfg = Release test|x64
		{D4F8EF00-F111-4116-B61F-5514BE10ADA4}.Release SPANISH|x64.Build.0 = Release test|x64
		{D4F8EF00-F111-4116-B61F-5514BE10ADA4}.Release Standard P4|Win32.ActiveCfg = Release test|x64
		{D4F8EF00-F111-4116-B61F-5514BE10ADA4}.Release Standard P4|x64.ActiveCfg = Release test|x64
		{D4F8EF00-F111-4116-B61F-5514BE10ADA4}.Release Standard P4|x64.Build.0 = Release test|x64
		{D4F8EF00-F111-4116-B61F-5514BE10ADA4}.Release test|Win32.ActiveCfg = Release test|Win32
		{D4F8EF00-F111-4116-B61F-5514BE10ADA4}.Release test|Win32.Build.0 = Release test|Win32
		{D4F8EF00-F111-4116-B61F-5514BE10ADA4}.Release test|x64.ActiveCfg = Release test|x64
		{D4F8EF00-F111-4116-B61F-5514BE10ADA4}.Release test|x64.Build.0 = Release test|x64
		{D4F8EF00-F111-4116-B61F-5514BE10ADA4}.Release|Win32.ActiveCfg = Release|Win32
		{D4F8EF00-F111-4116-B61F-5514BE10ADA4}.Release|Win32.Build.0 = Release|Win32
		{D4F8EF00-F111-4116-B61F-5514BE10ADA4}.Release|x64.ActiveCfg = Release|x64
		{D4F8EF00-F111-4116-B61F-5514BE10ADA4}.Release|x64.Build.0 = Release|x64
		{D399662E-DB13-93D8-76B5-6DABFC652B1E}.Debug|Win32.ActiveCfg = Debug|Win32
		{D399662E-DB13-93D8-76B5-6DABFC652B1E}.Debug|Win32.Build.0 = Debug|Win32
		{D399662E-DB13-93D8-76B5-6DABFC652B1E}.Debug|x64.ActiveCfg = Debug|x64
		{D399662E-DB13-93D8-76B5-6DABFC652B1E}.Debug|x64.Build.0 = Debug|x64
		{D399662E-DB13-93D8-76B5-6DABFC652B1E}.Regards Standard P4|Win32.ActiveCfg = Release|x64
		{D399662E-DB13-93D8-76B5-6DABFC652B1E}.Regards Standard P4|x64.ActiveCfg = Release|x64
		{D399662E-DB13-93D8-76B5-6DABFC652B1E}.Regards Standard P4|x64.Build.0 = Release|x64
		{D399662E-DB13-93D8-76B5-6DABFC652B1E}.Release Anglaise|Win32.ActiveCfg = Release test|x64
		{D399662E-DB13-93D8-76B5-6DABFC652B1E}.Release Anglaise|x64.ActiveCfg = Release test|x64
		{D399662E-DB13-93D8-76B5-6DABFC652B1E}.Release Anglaise|x64.Build.0 = Release test|x64
		{D399662E-DB13-93D8-76B5-6DABFC652B1E}.Release English|Win32.ActiveCfg = Release en-US|x64
		{D399662E-DB13-93D8-76B5-6DABFC652B1E}.Release English|x64.ActiveCfg = Release en-US|x64
		{D399662E-DB13-93D8-76B5-6DABFC652B1E}.Release English|x64.Build.0 = Release en-US|x64
		{D399662E-DB13-93D8-76B5-6DABFC652B1E}.Release en-US|Win32.ActiveCfg = Release|Win32
		{D399662E-DB13-93D8-76B5-6DABFC652B1E}.Release en-US|x64.ActiveCfg = Release|x64
		{D399662E-DB13-93D8-76B5-6DABFC652B1E}.Release en-US|x64.Build.0 = Release|x64
		{D399662E-DB13-93D8-76B5-6DABFC652B1E}.Release es-ES|Win32.ActiveCfg = Release|Win32
		{D399662E-DB13-93D8-76B5-6DABFC652B1E}.Release es-ES|x64.ActiveCfg = Release|x64
		{D399662E-DB13-93D8-76B5-6DABFC652B1E}.Release es-ES|x64.Build.0 = Release|x64
		{D399662E-DB13-93D8-76B5-6DABFC652B1E}.Release fr-FR|Win32.ActiveCfg = Release fr-FR|Win32
		{D399662E-DB13-93D8-76B5-6DABFC652B1E}.Release fr-FR|Win32.Build.0 = Release fr-FR|Win32
		{D399662E-DB13-93D8-76B5-6DABFC652B1E}.Release fr-FR|x64.ActiveCfg = Release fr-FR|x64
		{D399662E-DB13-93D8-76B5-6DABFC652B1E}.Release fr-FR|x64.Build.0 = Release fr-FR|x64
		{D399662E-DB13-93D8-76B5-6DABFC652B1E}.Release P4 Standard|Win32.ActiveCfg = Release test|x64
		{D399662E-DB13-93D8-76B5-6DABFC652B1E}.Release P4 Standard|x64.ActiveCfg = Release test|x64
		{D399662E-DB13-93D8-76B5-6DABFC652B1E}.Release P4 Standard|x64.Build.0 = Release test|x64
		{D399662E-DB13-93D8-76B5-6DABFC652B1E}.Release SPANISH|Win32.ActiveCfg = Release test|x64
		{D399662E-DB13-93D8-76B5-6DABFC652B1E}.Release SPANISH|x64.ActiveCfg = Release test|x64
		{D399662E-DB13-93D8-76B5-6DABFC652B1E}.Release SPANISH|x64.Build.0 = Release test|x64
		{D399662E-DB13-93D8-76B5-6DABFC652B1E}.Release Standard P4|Win32.ActiveCfg = Release test|x64
		{D399662E-DB13-93D8-76B5-6DABFC652B1E}.Release Standard P4|x64.ActiveCfg = Release test|x64
		{D399662E-DB13-93D8-76B5-6DABFC652B1E}.Release Standard P4|x64.Build.0 = Release test|x64
		{D399662E-DB13-93D8-76B5-6DABFC652B1E}.Release test|Win32.ActiveCfg = Release test|Win32
		{D399662E-DB13-93D8-76B5-6DABFC652B1E}.Release test|Win32.Build.0 = Release test|Win32
		{D399662E-DB13-93D8-76B5-6DABFC652B1E}.Release test|x64.ActiveCfg = Release test|x64
		{D399662E-DB13-93D8-76B5-6DABFC652B1E}.Release test|x64.Build.0 = Release test|x64
		{D399662E-DB13-93D8-76B5-6DABFC652B1E}.Release|Win32.ActiveCfg = Release|Win32
		{D399662E-DB13-93D8-76B5-6DABFC652B1E}.Release|Win32.Build.0 = Release|Win32
		{D399662E-DB13-93D8-76B5-6DABFC652B1E}.Release|x64.ActiveCfg = Release|x64
		{D399662E-DB13-93D8-76B5-6DABFC652B1E}.Release|x64.Build.0 = Release|x64
		{F47E24AD-1976-72F4-EFB8-BAEC4175F080}.Debug|Win32.ActiveCfg = Debug|Win32
		{F47E24AD-1976-72F4-EFB8-BAEC4175F080}.Debug|Win32.Build.0 = Debug|Win32
		{F47E24AD-1976-72F4-EFB8-BAEC4175F080}.Debug|x64.ActiveCfg = Debug|x64
		{F47E24AD-1976-72F4-EFB8-BAEC4175F080}.Debug|x64.Build.0 = Debug|x64
		{F47E24AD-1976-72F4-EFB8-BAEC4175F080}.Regards Standard P4|Win32.ActiveCfg = Regards Standard P4|Win32
		{F47E24AD-1976-72F4-EFB8-BAEC4175F080}.Regards Standard P4|Win32.Build.0 = Regards Standard P4|Win32
		{F47E24AD-1976-72F4-EFB8-BAEC4175F080}.Regards Standard P4|x64.ActiveCfg = Regards Standard P4|x64
		{F47E24AD-1976-72F4-EFB8-BAEC4175F080}.Regards Standard P4|x64.Build.0 = Regards Standard P4|x64
		{F47E24AD-1976-72F4-EFB8-BAEC4175F080}.Release Anglaise|Win32.ActiveCfg = Release Anglaise|Win32
		{F47E24AD-1976-72F4-EFB8-BAEC4175F080}.Release Anglaise|Win32.Build.0 = Release Anglaise|Win32
		{F47E24AD-1976-72F4-EFB8-BAEC4175F080}.Release Anglaise|x64.ActiveCfg = Release Anglaise|x64
		{F47E24AD-1976-72F4-EFB8-BAEC4175F080}.Release Anglaise|x64.Build.0 = Release Anglaise|x64
		{F47E24AD-1976-72F4-EFB8-BAEC4175F080}.Release English|Win32.ActiveCfg = Release English|Win32
		{F47E24AD-1976-72F4-EFB8-BAEC4175F080}.Release English|Win32.Build.0 = Release English|Win32
		{F47E24AD-1976-72F4-EFB8-BAEC4175F080}.Release English|x64.ActiveCfg = Release English|x64
		{F47E24AD-1976-72F4-EFB8-BAEC4175F080}.Release English|x64.Build.0 = Release English|x64
		{F47E24AD-1976-72F4-EFB8-BAEC4175F080}.Release en-US|Win32.ActiveCfg = Release|Win32
		{F47E24AD-1976-72F4-EFB8-BAEC4175F080}.Release en-US|x64.ActiveCfg = Release|x64
		{F47E24AD-1976-72F4-EFB8-BAEC4175F080}.Release en-US|x64.Build.0 = Release|x64
		{F47E24AD-1976-72F4-EFB8-BAEC4175F080}.Release es-ES|Win32.ActiveCfg = Release|Win32
		{F47E24AD-1976-72F4-EFB8-BAEC4175F080}.Release es-ES|x64.ActiveCfg = Release|x64
		{F47E24AD-1976-72F4-EFB8-BAEC4175F080}.Release es-ES|x64.Build.0 = Release|x64
		{F47E24AD-1976-72F4-EFB8-BAEC4175F080}.Release fr-FR|Win32.ActiveCfg = Release fr-FR|Win32
		{F47E24AD-1976-72F4-EFB8-BAEC4175F080}.Release fr-FR|Win32.Build.0 = Release fr-FR|Win32
		{F47E24AD-1976-72F4-EFB8-BAEC4175F080}.Release fr-FR|x64.ActiveCfg = Release fr-FR|x64
		{F47E24AD-1976-72F4-EFB8-BAEC4175F080}.Release fr-FR|x64.Build.0 = Release fr-FR|x64
		{F47E24AD-1976-72F4-EFB8-BAEC4175F080}.Release P4 Standard|Win32.ActiveCfg = Release test|x64
		{F47E24AD-1976-72F4-EFB8-BAEC4175F080}.Release P4 Standard|x64.ActiveCfg = Release test|x64
		{F47E24AD-1976-72F4-EFB8-BAEC4175F080}.Release P4 Standard|x64.Build.0 = Release test|x64
		{F47E24AD-1976-72F4-EFB8-BAEC4175F080}.Release SPANISH|Win32.ActiveCfg = Release SPANISH|Win32
		{F47E24AD-1976-72F4-EFB8-BAEC4175F080}.Release SPANISH|Win32.Build.0 = Release SPANISH|Win32
		{F47E24AD-1976-72F4-EFB8-BAEC4175F080}.Release SPANISH|x64.ActiveCfg = Release SPANISH|x64
		{F47E24AD-1976-72F4-EFB8-BAEC4175F080}.Release SPANISH|x64.Build.0 = Release SPANISH|x64
		{F47E24AD-1976-72F4-EFB8-BAEC4175F080}.Release Standard P4|Win32.ActiveCfg = Release Standard P4|Win32
		{F47E24AD-1976-72F4-EFB8-BAEC4175F080}.Release Standard P4|Win32.Build.0 = Release Standard P4|Win32
		{F47E24AD-1976-72F4-EFB8-BAEC4175F080}.Release Standard P4|x64.ActiveCfg = Release Standard P4|x64
		{F47E24AD-1976-72F4-EFB8-BAEC4175F080}.Release Standard P4|x64.Build.0 = Release Standard P4|x64
		{F47E24AD-1976-72F4-EFB8-BAEC4175F080}.Release test|Win32.ActiveCfg = Release test|Win32
		{F47E24AD-1976-72F4-EFB8-BAEC4175F080}.Release test|Win32.Build.0 = Release test|Win32
		{F47E24AD-1976-72F4-EFB8-BAEC4175F080}.Release test|x64.ActiveCfg = Release test|x64
		{F47E24AD-1976-72F4-EFB8-BAEC4175F080}.Release test|x64.Build.0 = Release test|x64
		{F47E24AD-1976-72F4-EFB8-BAEC4175F080}.Release|Win32.ActiveCfg = Release|Win32
		{F47E24AD-1976-72F4-EFB8-BAEC4175F080}.Release|Win32.Build.0 = Release|Win32
		{F47E24AD-1976-72F4-EFB8-BAEC4175F080}.Release|x64.ActiveCfg = Release|x64
		{F47E24AD-1976-72F4-EFB8-BAEC4175F080}.Release|x64.Build.0 = Release|x64
		{52DBA213-F889-4CCD-8AAD-BE79A5F62AF2}.Debug|Win32.ActiveCfg = Debug|Win32
		{52DBA213-F889-4CCD-8AAD-BE79A5F62AF2}.Debug|Win32.Build.0 = Debug|Win32
		{52DBA213-F889-4CCD-8AAD-BE79A5F62AF2}.Debug|x64.ActiveCfg = Debug|Win32
		{52DBA213-F889-4CCD-8AAD-BE79A5F62AF2}.Regards Standard P4|Win32.ActiveCfg = Release|Win32
		{52DBA213-F889-4CCD-8AAD-BE79A5F62AF2}.Regards Standard P4|Win32.Build.0 = Release|Win32
		{52DBA213-F889-4CCD-8AAD-BE79A5F62AF2}.Regards Standard P4|x64.ActiveCfg = Release|Win32
		{52DBA213-F889-4CCD-8AAD-BE79A5F62AF2}.Release Anglaise|Win32.ActiveCfg = Release|Win32
		{52DBA213-F889-4CCD-8AAD-BE79A5F62AF2}.Release Anglaise|Win32.Build.0 = Release|Win32
		{52DBA213-F889-4CCD-8AAD-BE79A5F62AF2}.Release Anglaise|x64.ActiveCfg = Release|Win32
		{52DBA213-F889-4CCD-8AAD-BE79A5F62AF2}.Release English|Win32.ActiveCfg = Release|Win32
		{52DBA213-F889-4CCD-8AAD-BE79A5F62AF2}.Release English|Win32.Build.0 = Release|Win32
		{52DBA213-F889-4CCD-8AAD-BE79A5F62AF2}.Release English|x64.ActiveCfg = Release|Win32
		{52DBA213-F889-4CCD-8AAD-BE79A5F62AF2}.Release en-US|Win32.ActiveCfg = Release|Win32
		{52DBA213-F889-4CCD-8AAD-BE79A5F62AF2}.Release en-US|x64.ActiveCfg = Release|Win32
		{52DBA213-F889-4CCD-8AAD-BE79A5F62AF2}.Release es-ES|Win32.ActiveCfg = Release|Win32
		{52DBA213-F889-4CCD-8AAD-BE79A5F62AF2}.Release es-ES|x64.ActiveCfg = Release|Win32
		{52DBA213-F889-4CCD-8AAD-BE79A5F62AF2}.Release fr-FR|Win32.ActiveCfg = Release|Win32
		{52DBA213-F889-4CCD-8AAD-BE79A5F62AF2}.Release fr-FR|Win32.Build.0 = Release|Win32
		{52DBA213-F889-4CCD-8AAD-BE79A5F62AF2}.Release fr-FR|x64.ActiveCfg = Release|Win32
		{52DBA213-F889-4CCD-8AAD-BE79A5F62AF2}.Release P4 Standard|Win32.ActiveCfg = Release|Win32
		{52DBA213-F889-4CCD-8AAD-BE79A5F62AF2}.Release P4 Standard|Win32.Build.0 = Release|Win32
		{52DBA213-F889-4CCD-8AAD-BE79A5F62AF2}.Release P4 Standard|x64.ActiveCfg = Release|Win32
		{52DBA213-F889-4CCD-8AAD-BE79A5F62AF2}.Release SPANISH|Win32.ActiveCfg = Release|Win32
		{52DBA213-F889-4CCD-8AAD-BE79A5F62AF2}.Release SPANISH|Win32.Build.0 = Release|Win32
		{52DBA213-F889-4CCD-8AAD-BE79A5F62AF2}.Release SPANISH|x64.ActiveCfg = Release|Win32
		{52DBA213-F889-4CCD-8AAD-BE79A5F62AF2}.Release Standard P4|Win32.ActiveCfg = Release|Win32
		{52DBA213-F889-4CCD-8AAD-BE79A5F62AF2}.Release Standard P4|Win32.Build.0 = Release|Win32
		{52DBA213-F889-4CCD-8AAD-BE79A5F62AF2}.Release Standard P4|x64.ActiveCfg = Release|Win32
		{52DBA213-F889-4CCD-8AAD-BE79A5F62AF2}.Release test|Win32.ActiveCfg = Release|Win32
		{52DBA213-F889-4CCD-8AAD-BE79A5F62AF2}.Release test|Win32.Build.0 = Release|Win32
		{52DBA213-F889-4CCD-8AAD-BE79A5F62AF2}.Release test|x64.ActiveCfg = Release|Win32
		{52DBA213-F889-4CCD-8AAD-BE79A5F62AF2}.Release|Win32.ActiveCfg = Release|Win32
		{52DBA213-F889-4CCD-8AAD-BE79A5F62AF2}.Release|Win32.Build.0 = Release|Win32
		{52DBA213-F889-4CCD-8AAD-BE79A5F62AF2}.Release|x64.ActiveCfg = Release|Win32
		{19C8044C-E9F8-4F68-B97C-469B5E5C186C}.Debug|Win32.ActiveCfg = Debug|Win32
		{19C8044C-E9F8-4F68-B97C-469B5E5C186C}.Debug|Win32.Build.0 = Debug|Win32
		{19C8044C-E9F8-4F68-B97C-469B5E5C186C}.Debug|x64.ActiveCfg = Debug|x64
		{19C8044C-E9F8-4F68-B97C-469B5E5C186C}.Debug|x64.Build.0 = Debug|x64
		{19C8044C-E9F8-4F68-B97C-469B5E5C186C}.Regards Standard P4|Win32.ActiveCfg = Release|x64
		{19C8044C-E9F8-4F68-B97C-469B5E5C186C}.Regards Standard P4|x64.ActiveCfg = Release|x64
		{19C8044C-E9F8-4F68-B97C-469B5E5C186C}.Regards Standard P4|x64.Build.0 = Release|x64
		{19C8044C-E9F8-4F68-B97C-469B5E5C186C}.Release Anglaise|Win32.ActiveCfg = Release test|x64
		{19C8044C-E9F8-4F68-B97C-469B5E5C186C}.Release Anglaise|x64.ActiveCfg = Release test|x64
		{19C8044C-E9F8-4F68-B97C-469B5E5C186C}.Release Anglaise|x64.Build.0 = Release test|x64
		{19C8044C-E9F8-4F68-B97C-469B5E5C186C}.Release English|Win32.ActiveCfg = Release en-US|x64
		{19C8044C-E9F8-4F68-B97C-469B5E5C186C}.Release English|x64.ActiveCfg = Release en-US|x64
		{19C8044C-E9F8-4F68-B97C-469B5E5C186C}.Release English|x64.Build.0 = Release en-US|x64
		{19C8044C-E9F8-4F68-B97C-469B5E5C186C}.Release en-US|Win32.ActiveCfg = Release|Win32
		{19C8044C-E9F8-4F68-B97C-469B5E5C186C}.Release en-US|x64.ActiveCfg = Release|x64
		{19C8044C-E9F8-4F68-B97C-469B5E5C186C}.Release en-US|x64.Build.0 = Release|x64
		{19C8044C-E9F8-4F68-B97C-469B5E5C186C}.Release es-ES|Win32.ActiveCfg = Release|Win32
		{19C8044C-E9F8-4F68-B97C-469B5E5C186C}.Release es-ES|x64.ActiveCfg = Release|x64
		{19C8044C-E9F8-4F68-B97C-469B5E5C186C}.Release es-ES|x64.Build.0 = Release|x64
		{19C8044C-E9F8-4F68-B97C-469B5E5C186C}.Release fr-FR|Win32.ActiveCfg = Release fr-FR|Win32
		{19C8044C-E9F8-4F68-B97C-469B5E5C186C}.Release fr-FR|Win32.Build.0 = Release fr-FR|Win32
		{19C8044C-E9F8-4F68-B97C-469B5E5C186C}.Release fr-FR|x64.ActiveCfg = Release fr-FR|x64
		{19C8044C-E9F8-4F68-B97C-469B5E5C186C}.Release fr-FR|x64.Build.0 = Release fr-FR|x64
		{19C8044C-E9F8-4F68-B97C-469B5E5C186C}.Release P4 Standard|Win32.ActiveCfg = Release test|x64
		{19C8044C-E9F8-4F68-B97C-469B5E5C186C}.Release P4 Standard|x64.ActiveCfg = Release test|x64
		{19C8044C-E9F8-4F68-B97C-469B5E5C186C}.Release P4 Standard|x64.Build.0 = Release test|x64
		{19C8044C-E9F8-4F68-B97C-469B5E5C186C}.Release SPANISH|Win32.ActiveCfg = Release test|x64
		{19C8044C-E9F8-4F68-B97C-469B5E5C186C}.Release SPANISH|x64.ActiveCfg = Release test|x64
		{19C8044C-E9F8-4F68-B97C-469B5E5C186C}.Release SPANISH|x64.Build.0 = Release test|x64
		{19C8044C-E9F8-4F68-B97C-469B5E5C186C}.Release Standard P4|Win32.ActiveCfg = Release test|x64
		{19C8044C-E9F8-4F68-B97C-469B5E5C186C}.Release Standard P4|x64.ActiveCfg = Release test|x64
		{19C8044C-E9F8-4F68-B97C-469B5E5C186C}.Release Standard P4|x64.Build.0 = Release test|x64
		{19C8044C-E9F8-4F68-B97C-469B5E5C186C}.Release test|Win32.ActiveCfg = Release test|Win32
		{19C8044C-E9F8-4F68-B97C-469B5E5C186C}.Release test|Win32.Build.0 = Release test|Win32
		{19C8044C-E9F8-4F68-B97C-469B5E5C186C}.Release test|x64.ActiveCfg = Release test|x64
		{19C8044C-E9F8-4F68-B97C-469B5E5C186C}.Release test|x64.Build.0 = Release test|x64
		{19C8044C-E9F8-4F68-B97C-469B5E5C186C}.Release|Win32.ActiveCfg = Release|Win32
		{19C8044C-E9F8-4F68-B97C-469B5E5C186C}.Release|Win32.Build.0 = Release|Win32
		{19C8044C-E9F8-4F68-B97C-469B5E5C186C}.Release|x64.ActiveCfg = Release|x64
		{19C8044C-E9F8-4F68-B97C-469B5E5C186C}.Release|x64.Build.0 = Release|x64
		{41517175-FAD2-4B93-B947-6C4F6B8445CE}.Debug|Win32.ActiveCfg = Debug|Win32
		{41517175-FAD2-4B93-B947-6C4F6B8445CE}.Debug|Win32.Build.0 = Debug|Win32
		{41517175-FAD2-4B93-B947-6C4F6B8445CE}.Debug|x64.ActiveCfg = Debug|x64
		{41517175-FAD2-4B93-B947-6C4F6B8445CE}.Debug|x64.Build.0 = Debug|x64
		{41517175-FAD2-4B93-B947-6C4F6B8445CE}.Regards Standard P4|Win32.ActiveCfg = Release|x64
		{41517175-FAD2-4B93-B947-6C4F6B8445CE}.Regards Standard P4|x64.ActiveCfg = Release|x64
		{41517175-FAD2-4B93-B947-6C4F6B8445CE}.Regards Standard P4|x64.Build.0 = Release|x64
		{41517175-FAD2-4B93-B947-6C4F6B8445CE}.Release Anglaise|Win32.ActiveCfg = Release test|x64
		{41517175-FAD2-4B93-B947-6C4F6B8445CE}.Release Anglaise|x64.ActiveCfg = Release test|x64
		{41517175-FAD2-4B93-B947-6C4F6B8445CE}.Release Anglaise|x64.Build.0 = Release test|x64
		{41517175-FAD2-4B93-B947-6C4F6B8445CE}.Release English|Win32.ActiveCfg = Release en-US|x64
		{41517175-FAD2-4B93-B947-6C4F6B8445CE}.Release English|x64.ActiveCfg = Release en-US|x64
		{41517175-FAD2-4B93-B947-6C4F6B8445CE}.Release English|x64.Build.0 = Release en-US|x64
		{41517175-FAD2-4B93-B947-6C4F6B8445CE}.Release en-US|Win32.ActiveCfg = Release|Win32
		{41517175-FAD2-4B93-B947-6C4F6B8445CE}.Release en-US|x64.ActiveCfg = Release|x64
		{41517175-FAD2-4B93-B947-6C4F6B8445CE}.Release en-US|x64.Build.0 = Release|x64
		{41517175-FAD2-4B93-B947-6C4F6B8445CE}.Release es-ES|Win32.ActiveCfg = Release|Win32
		{41517175-FAD2-4B93-B947-6C4F6B8445CE}.Release es-ES|x64.ActiveCfg = Release|x64
		{41517175-FAD2-4B93-B947-6C4F6B8445CE}.Release es-ES|x64.Build.0 = Release|x64
		{41517175-FAD2-4B93-B947-6C4F6B8445CE}.Release fr-FR|Win32.ActiveCfg = Release fr-FR|Win32
		{41517175-FAD2-4B93-B947-6C4F6B8445CE}.Release fr-FR|Win32.Build.0 = Release fr-FR|Win32
		{41517175-FAD2-4B93-B947-6C4F6B8445CE}.Release fr-FR|x64.ActiveCfg = Release fr-FR|x64
		{41517175-FAD2-4B93-B947-6C4F6B8445CE}.Release fr-FR|x64.Build.0 = Release fr-FR|x64
		{41517175-FAD2-4B93-B947-6C4F6B8445CE}.Release P4 Standard|Win32.ActiveCfg = Release test|x64
		{41517175-FAD2-4B93-B947-6C4F6B8445CE}.Release P4 Standard|x64.ActiveCfg = Release test|x64
		{41517175-FAD2-4B93-B947-6C4F6B8445CE}.Release P4 Standard|x64.Build.0 = Release test|x64
		{41517175-FAD2-4B93-B947-6C4F6B8445CE}.Release SPANISH|Win32.ActiveCfg = Release test|x64
		{41517175-FAD2-4B93-B947-6C4F6B8445CE}.Release SPANISH|x64.ActiveCfg = Release test|x64
		{41517175-FAD2-4B93-B947-6C4F6B8445CE}.Release SPANISH|x64.Build.0 = Release test|x64
		{41517175-FAD2-4B93-B947-6C4F6B8445CE}.Release Standard P4|Win32.ActiveCfg = Release test|x64
		{41517175-FAD2-4B93-B947-6C4F6B8445CE}.Release Standard P4|x64.ActiveCfg = Release test|x64
		{41517175-FAD2-4B93-B947-6C4F6B8445CE}.Release Standard P4|x64.Build.0 = Release test|x64
		{41517175-FAD2-4B93-B947-6C4F6B8445CE}.Release test|Win32.ActiveCfg = Release test|Win32
		{41517175-FAD2-4B93-B947-6C4F6B8445CE}.Release test|Win32.Build.0 = Release test|Win32
		{41517175-FAD2-4B93-B947-6C4F6B8445CE}.Release test|x64.ActiveCfg = Release test|x64
		{41517175-FAD2-4B93-B947-6C4F6B8445CE}.Release test|x64.Build.0 = Release test|x64
		{41517175-FAD2-4B93-B947-6C4F6B8445CE}.Release|Win32.ActiveCfg = Release|Win32
		{41517175-FAD2-4B93-B947-6C4F6B8445CE}.Release|Win32.Build.0 = Release|Win32
		{41517175-FAD2-4B93-B947-6C4F6B8445CE}.Release|x64.ActiveCfg = Release|x64
		{41517175-FAD2-4B93-B947-6C4F6B8445CE}.Release|x64.Build.0 = Release|x64
		{FC8A24C6-633B-4F89-AB08-F4383D41AE8D}.Debug|Win32.ActiveCfg = Debug|Win32
		{FC8A24C6-633B-4F89-AB08-F4383D41AE8D}.Debug|Win32.Build.0 = Debug|Win32
		{FC8A24C6-633B-4F89-AB08-F4383D41AE8D}.Debug|x64.ActiveCfg = Debug|x64
		{FC8A24C6-633B-4F89-AB08-F4383D41AE8D}.Debug|x64.Build.0 = Debug|x64
		{FC8A24C6-633B-4F89-AB08-F4383D41AE8D}.Regards Standard P4|Win32.ActiveCfg = Release|x64
		{FC8A24C6-633B-4F89-AB08-F4383D41AE8D}.Regards Standard P4|x64.ActiveCfg = Release|x64
		{FC8A24C6-633B-4F89-AB08-F4383D41AE8D}.Regards Standard P4|x64.Build.0 = Release|x64
		{FC8A24C6-633B-4F89-AB08-F4383D41AE8D}.Release Anglaise|Win32.ActiveCfg = Release test|x64
		{FC8A24C6-633B-4F89-AB08-F4383D41AE8D}.Release Anglaise|x64.ActiveCfg = Release test|x64
		{FC8A24C6-633B-4F89-AB08-F4383D41AE8D}.Release Anglaise|x64.Build.0 = Release test|x64
		{FC8A24C6-633B-4F89-AB08-F4383D41AE8D}.Release English|Win32.ActiveCfg = Release test|x64
		{FC8A24C6-633B-4F89-AB08-F4383D41AE8D}.Release English|x64.ActiveCfg = Release test|x64
		{FC8A24C6-633B-4F89-AB08-F4383D41AE8D}.Release English|x64.Build.0 = Release test|x64
		{FC8A24C6-633B-4F89-AB08-F4383D41AE8D}.Release en-US|Win32.ActiveCfg = Release|Win32
		{FC8A24C6-633B-4F89-AB08-F4383D41AE8D}.Release en-US|x64.ActiveCfg = Release|x64
		{FC8A24C6-633B-4F89-AB08-F4383D41AE8D}.Release en-US|x64.Build.0 = Release|x64
		{FC8A24C6-633B-4F89-AB08-F4383D41AE8D}.Release es-ES|Win32.ActiveCfg = Release|Win32
		{FC8A24C6-633B-4F89-AB08-F4383D41AE8D}.Release es-ES|x64.ActiveCfg = Release|x64
		{FC8A24C6-633B-4F89-AB08-F4383D41AE8D}.Release es-ES|x64.Build.0 = Release|x64
		{FC8A24C6-633B-4F89-AB08-F4383D41AE8D}.Release fr-FR|Win32.ActiveCfg = Release fr-FR|Win32
		{FC8A24C6-633B-4F89-AB08-F4383D41AE8D}.Release fr-FR|Win32.Build.0 = Release fr-FR|Win32
		{FC8A24C6-633B-4F89-AB08-F4383D41AE8D}.Release fr-FR|x64.ActiveCfg = Release fr-FR|x64
		{FC8A24C6-633B-4F89-AB08-F4383D41AE8D}.Release fr-FR|x64.Build.0 = Release fr-FR|x64
		{FC8A24C6-633B-4F89-AB08-F4383D41AE8D}.Release P4 Standard|Win32.ActiveCfg = Release test|x64
		{FC8A24C6-633B-4F89-AB08-F4383D41AE8D}.Release P4 Standard|x64.ActiveCfg = Release test|x64
		{FC8A24C6-633B-4F89-AB08-F4383D41AE8D}.Release P4 Standard|x64.Build.0 = Release test|x64
		{FC8A24C6-633B-4F89-AB08-F4383D41AE8D}.Release SPANISH|Win32.ActiveCfg = Release test|x64
		{FC8A24C6-633B-4F89-AB08-F4383D41AE8D}.Release SPANISH|x64.ActiveCfg = Release test|x64
		{FC8A24C6-633B-4F89-AB08-F4383D41AE8D}.Release SPANISH|x64.Build.0 = Release test|x64
		{FC8A24C6-633B-4F89-AB08-F4383D41AE8D}.Release Standard P4|Win32.ActiveCfg = Release test|x64
		{FC8A24C6-633B-4F89-AB08-F4383D41AE8D}.Release Standard P4|x64.ActiveCfg = Release test|x64
		{FC8A24C6-633B-4F89-AB08-F4383D41AE8D}.Release Standard P4|x64.Build.0 = Release test|x64
		{FC8A24C6-633B-4F89-AB08-F4383D41AE8D}.Release test|Win32.ActiveCfg = Release test|Win32
		{FC8A24C6-633B-4F89-AB08-F4383D41AE8D}.Release test|Win32.Build.0 = Release test|Win32
		{FC8A24C6-633B-4F89-AB08-F4383D41AE8D}.Release test|x64.ActiveCfg = Release test|x64
		{FC8A24C6-633B-4F89-AB08-F4383D41AE8D}.Release test|x64.Build.0 = Release test|x64
		{FC8A24C6-633B-4F89-AB08-F4383D41AE8D}.Release|Win32.ActiveCfg = Release|Win32
		{FC8A24C6-633B-4F89-AB08-F4383D41AE8D}.Release|Win32.Build.0 = Release|Win32
		{FC8A24C6-633B-4F89-AB08-F4383D41AE8D}.Release|x64.ActiveCfg = Release|x64
		{FC8A24C6-633B-4F89-AB08-F4383D41AE8D}.Release|x64.Build.0 = Release|x64
		{A5418A42-6C2C-49D4-8969-8E1212A7A3EE}.Debug|Win32.ActiveCfg = Debug|Win32
		{A5418A42-6C2C-49D4-8969-8E1212A7A3EE}.Debug|Win32.Build.0 = Debug|Win32
		{A5418A42-6C2C-49D4-8969-8E1212A7A3EE}.Debug|x64.ActiveCfg = Debug|Win32
		{A5418A42-6C2C-49D4-8969-8E1212A7A3EE}.Regards Standard P4|Win32.ActiveCfg = Release|Win32
		{A5418A42-6C2C-49D4-8969-8E1212A7A3EE}.Regards Standard P4|Win32.Build.0 = Release|Win32
		{A5418A42-6C2C-49D4-8969-8E1212A7A3EE}.Regards Standard P4|x64.ActiveCfg = Release|Win32
		{A5418A42-6C2C-49D4-8969-8E1212A7A3EE}.Release Anglaise|Win32.ActiveCfg = Release|Win32
		{A5418A42-6C2C-49D4-8969-8E1212A7A3EE}.Release Anglaise|Win32.Build.0 = Release|Win32
		{A5418A42-6C2C-49D4-8969-8E1212A7A3EE}.Release Anglaise|x64.ActiveCfg = Release|Win32
		{A5418A42-6C2C-49D4-8969-8E1212A7A3EE}.Release English|Win32.ActiveCfg = Release|Win32
		{A5418A42-6C2C-49D4-8969-8E1212A7A3EE}.Release English|Win32.Build.0 = Release|Win32
		{A5418A42-6C2C-49D4-8969-8E1212A7A3EE}.Release English|x64.ActiveCfg = Release|Win32
		{A5418A42-6C2C-49D4-8969-8E1212A7A3EE}.Release en-US|Win32.ActiveCfg = Release|Win32
		{A5418A42-6C2C-49D4-8969-8E1212A7A3EE}.Release en-US|x64.ActiveCfg = Release|Win32
		{A5418A42-6C2C-49D4-8969-8E1212A7A3EE}.Release es-ES|Win32.ActiveCfg = Release|Win32
		{A5418A42-6C2C-49D4-8969-8E1212A7A3EE}.Release es-ES|x64.ActiveCfg = Release|Win32
		{A5418A42-6C2C-49D4-8969-8E1212A7A3EE}.Release fr-FR|Win32.ActiveCfg = Release|Win32
		{A5418A42-6C2C-49D4-8969-8E1212A7A3EE}.Release fr-FR|Win32.Build.0 = Release|Win32
		{A5418A42-6C2C-49D4-8969-8E1212A7A3EE}.Release fr-FR|x64.ActiveCfg = Release|Win32
		{A5418A42-6C2C-49D4-8969-8E1212A7A3EE}.Release P4 Standard|Win32.ActiveCfg = Release|Win32
		{A5418A42-6C2C-49D4-8969-8E1212A7A3EE}.Release P4 Standard|Win32.Build.0 = Release|Win32
		{A5418A42-6C2C-49D4-8969-8E1212A7A3EE}.Release P4 Standard|x64.ActiveCfg = Release|Win32
		{A5418A42-6C2C-49D4-8969-8E1212A7A3EE}.Release SPANISH|Win32.ActiveCfg = Release|Win32
		{A5418A42-6C2C-49D4-8969-8E1212A7A3EE}.Release SPANISH|Win32.Build.0 = Release|Win32
		{A5418A42-6C2C-49D4-8969-8E1212A7A3EE}.Release SPANISH|x64.ActiveCfg = Release|Win32
		{A5418A42-6C2C-49D4-8969-8E1212A7A3EE}.Release Standard P4|Win32.ActiveCfg = Release|Win32
		{A5418A42-6C2C-49D4-8969-8E1212A7A3EE}.Release Standard P4|Win32.Build.0 = Release|Win32
		{A5418A42-6C2C-49D4-8969-8E1212A7A3EE}.Release Standard P4|x64.ActiveCfg = Release|Win32
		{A5418A42-6C2C-49D4-8969-8E1212A7A3EE}.Release test|Win32.ActiveCfg = Release|Win32
		{A5418A42-6C2C-49D4-8969-8E1212A7A3EE}.Release test|Win32.Build.0 = Release|Win32
		{A5418A42-6C2C-49D4-8969-8E1212A7A3EE}.Release test|x64.ActiveCfg = Release|Win32
		{A5418A42-6C2C-49D4-8969-8E1212A7A3EE}.Release|Win32.ActiveCfg = Release|Win32
		{A5418A42-6C2C-49D4-8969-8E1212A7A3EE}.Release|Win32.Build.0 = Release|Win32
		{A5418A42-6C2C-49D4-8969-8E1212A7A3EE}.Release|x64.ActiveCfg = Release|Win32
		{AE074263-E06D-4E09-A9BB-38FBC81CDDB1}.Debug|Win32.ActiveCfg = Debug|Win32
		{AE074263-E06D-4E09-A9BB-38FBC81CDDB1}.Debug|Win32.Build.0 = Debug|Win32
		{AE074263-E06D-4E09-A9BB-38FBC81CDDB1}.Debug|x64.ActiveCfg = Debug|Win32
		{AE074263-E06D-4E09-A9BB-38FBC81CDDB1}.Regards Standard P4|Win32.ActiveCfg = Release|Win32
		{AE074263-E06D-4E09-A9BB-38FBC81CDDB1}.Regards Standard P4|Win32.Build.0 = Release|Win32
		{AE074263-E06D-4E09-A9BB-38FBC81CDDB1}.Regards Standard P4|x64.ActiveCfg = Release|Win32
		{AE074263-E06D-4E09-A9BB-38FBC81CDDB1}.Release Anglaise|Win32.ActiveCfg = Release|Win32
		{AE074263-E06D-4E09-A9BB-38FBC81CDDB1}.Release Anglaise|Win32.Build.0 = Release|Win32
		{AE074263-E06D-4E09-A9BB-38FBC81CDDB1}.Release Anglaise|x64.ActiveCfg = Release|Win32
		{AE074263-E06D-4E09-A9BB-38FBC81CDDB1}.Release English|Win32.ActiveCfg = Release|Win32
		{AE074263-E06D-4E09-A9BB-38FBC81CDDB1}.Release English|Win32.Build.0 = Release|Win32
		{AE074263-E06D-4E09-A9BB-38FBC81CDDB1}.Release English|x64.ActiveCfg = Release|Win32
		{AE074263-E06D-4E09-A9BB-38FBC81CDDB1}.Release en-US|Win32.ActiveCfg = Release|Win32
		{AE074263-E06D-4E09-A9BB-38FBC81CDDB1}.Release en-US|x64.ActiveCfg = Release|Win32
		{AE074263-E06D-4E09-A9BB-38FBC81CDDB1}.Release es-ES|Win32.ActiveCfg = Release|Win32
		{AE074263-E06D-4E09-A9BB-38FBC81CDDB1}.Release es-ES|x64.ActiveCfg = Release|Win32
		{AE074263-E06D-4E09-A9BB-38FBC81CDDB1}.Release fr-FR|Win32.ActiveCfg = Release|Win32
		{AE074263-E06D-4E09-A9BB-38FBC81CDDB1}.Release fr-FR|Win32.Build.0 = Release|Win32
		{AE074263-E06D-4E09-A9BB-38FBC81CDDB1}.Release fr-FR|x64.ActiveCfg = Release|Win32
		{AE074263-E06D-4E09-A9BB-38FBC81CDDB1}.Release P4 Standard|Win32.ActiveCfg = Release|Win32
		{AE074263-E06D-4E09-A9BB-38FBC81CDDB1}.Release P4 Standard|Win32.Build.0 = Release|Win32
		{AE074263-E06D-4E09-A9BB-38FBC81CDDB1}.Release P4 Standard|x64.ActiveCfg = Release|Win32
		{AE074263-E06D-4E09-A9BB-38FBC81CDDB1}.Release SPANISH|Win32.ActiveCfg = Release|Win32
		{AE074263-E06D-4E09-A9BB-38FBC81CDDB1}.Release SPANISH|Win32.Build.0 = Release|Win32
		{AE074263-E06D-4E09-A9BB-38FBC81CDDB1}.Release SPANISH|x64.ActiveCfg = Release|Win32
		{AE074263-E06D-4E09-A9BB-38FBC81CDDB1}.Release Standard P4|Win32.ActiveCfg = Release|Win32
		{AE074263-E06D-4E09-A9BB-38FBC81CDDB1}.Release Standard P4|Win32.Build.0 = Release|Win32
		{AE074263-E06D-4E09-A9BB-38FBC81CDDB1}.Release Standard P4|x64.ActiveCfg = Release|Win32
		{AE074263-E06D-4E09-A9BB-38FBC81CDDB1}.Release test|Win32.ActiveCfg = Release|Win32
		{AE074263-E06D-4E09-A9BB-38FBC81CDDB1}.Release test|Win32.Build.0 = Release|Win32
		{AE074263-E06D-4E09-A9BB-38FBC81CDDB1}.Release test|x64.ActiveCfg = Release|Win32
		{AE074263-E06D-4E09-A9BB-38FBC81CDDB1}.Release|Win32.ActiveCfg = Release|Win32
		{AE074263-E06D-4E09-A9BB-38FBC81CDDB1}.Release|Win32.Build.0 = Release|Win32
		{AE074263-E06D-4E09-A9BB-38FBC81CDDB1}.Release|x64.ActiveCfg = Release|Win32
		{DA121169-6F3E-4F68-B6BC-2A2975EE7386}.Debug|Win32.ActiveCfg = Debug|Win32
		{DA121169-6F3E-4F68-B6BC-2A2975EE7386}.Debug|Win32.Build.0 = Debug|Win32
		{DA121169-6F3E-4F68-B6BC-2A2975EE7386}.Debug|x64.ActiveCfg = Debug|Win32
		{DA121169-6F3E-4F68-B6BC-2A2975EE7386}.Regards Standard P4|Win32.ActiveCfg = Release|Win32
		{DA121169-6F3E-4F68-B6BC-2A2975EE7386}.Regards Standard P4|Win32.Build.0 = Release|Win32
		{DA121169-6F3E-4F68-B6BC-2A2975EE7386}.Regards Standard P4|x64.ActiveCfg = Release|Win32
		{DA121169-6F3E-4F68-B6BC-2A2975EE7386}.Release Anglaise|Win32.ActiveCfg = Release|Win32
		{DA121169-6F3E-4F68-B6BC-2A2975EE7386}.Release Anglaise|Win32.Build.0 = Release|Win32
		{DA121169-6F3E-4F68-B6BC-2A2975EE7386}.Release Anglaise|x64.ActiveCfg = Release|Win32
		{DA121169-6F3E-4F68-B6BC-2A2975EE7386}.Release English|Win32.ActiveCfg = Release|Win32
		{DA121169-6F3E-4F68-B6BC-2A2975EE7386}.Release English|Win32.Build.0 = Release|Win32
		{DA121169-6F3E-4F68-B6BC-2A2975EE7386}.Release English|x64.ActiveCfg = Release|Win32
		{DA121169-6F3E-4F68-B6BC-2A2975EE7386}.Release en-US|Win32.ActiveCfg = Release|Win32
		{DA121169-6F3E-4F68-B6BC-2A2975EE7386}.Release en-US|x64.ActiveCfg = Release|Win32
		{DA121169-6F3E-4F68-B6BC-2A2975EE7386}.Release es-ES|Win32.ActiveCfg = Release|Win32
		{DA121169-6F3E-4F68-B6BC-2A2975EE7386}.Release es-ES|x64.ActiveCfg = Release|Win32
		{DA121169-6F3E-4F68-B6BC-2A2975EE7386}.Release fr-FR|Win32.ActiveCfg = Release|Win32
		{DA121169-6F3E-4F68-B6BC-2A2975EE7386}.Release fr-FR|Win32.Build.0 = Release|Win32
		{DA121169-6F3E-4F68-B6BC-2A2975EE7386}.Release fr-FR|x64.ActiveCfg = Release|Win32
		{DA121169-6F3E-4F68-B6BC-2A2975EE7386}.Release P4 Standard|Win32.ActiveCfg = Release|Win32
		{DA121169-6F3E-4F68-B6BC-2A2975EE7386}.Release P4 Standard|Win32.Build.0 = Release|Win32
		{DA121169-6F3E-4F68-B6BC-2A2975EE7386}.Release P4 Standard|x64.ActiveCfg = Release|Win32
		{DA121169-6F3E-4F68-B6BC-2A2975EE7386}.Release SPANISH|Win32.ActiveCfg = Release|Win32
		{DA121169-6F3E-4F68-B6BC-2A2975EE7386}.Release SPANISH|Win32.Build.0 = Release|Win32
		{DA121169-6F3E-4F68-B6BC-2A2975EE7386}.Release SPANISH|x64.ActiveCfg = Release|Win32
		{DA121169-6F3E-4F68-B6BC-2A2975EE7386}.Release Standard P4|Win32.ActiveCfg = Release|Win32
		{DA121169-6F3E-4F68-B6BC-2A2975EE7386}.Release Standard P4|Win32.Build.0 = Release|Win32
		{DA121169-6F3E-4F68-B6BC-2A2975EE7386}.Release Standard P4|x64.ActiveCfg = Release|Win32
		{DA121169-6F3E-4F68-B6BC-2A2975EE7386}.Release test|Win32.ActiveCfg = Release|Win32
		{DA121169-6F3E-4F68-B6BC-2A2975EE7386}.Release test|Win32.Build.0 = Release|Win32
		{DA121169-6F3E-4F68-B6BC-2A2975EE7386}.Release test|x64.ActiveCfg = Release|Win32
		{DA121169-6F3E-4F68-B6BC-2A2975EE7386}.Release|Win32.ActiveCfg = Release|Win32
		{DA121169-6F3E-4F68-B6BC-2A2975EE7386}.Release|Win32.Build.0 = Release|Win32
		{DA121169-6F3E-4F68-B6BC-2A2975EE7386}.Release|x64.ActiveCfg = Release|Win32
		{9D2494B8-D59A-44E9-80C1-883A69FC24F3}.Debug|Win32.ActiveCfg = Debug|Win32
		{9D2494B8-D59A-44E9-80C1-883A69FC24F3}.Debug|Win32.Build.0 = Debug|Win32
		{9D2494B8-D59A-44E9-80C1-883A69FC24F3}.Debug|x64.ActiveCfg = Debug|Win32
		{9D2494B8-D59A-44E9-80C1-883A69FC24F3}.Regards Standard P4|Win32.ActiveCfg = Release|Win32
		{9D2494B8-D59A-44E9-80C1-883A69FC24F3}.Regards Standard P4|Win32.Build.0 = Release|Win32
		{9D2494B8-D59A-44E9-80C1-883A69FC24F3}.Regards Standard P4|x64.ActiveCfg = Release|Win32
		{9D2494B8-D59A-44E9-80C1-883A69FC24F3}.Release Anglaise|Win32.ActiveCfg = Release|Win32
		{9D2494B8-D59A-44E9-80C1-883A69FC24F3}.Release Anglaise|Win32.Build.0 = Release|Win32
		{9D2494B8-D59A-44E9-80C1-883A69FC24F3}.Release Anglaise|x64.ActiveCfg = Release|Win32
		{9D2494B8-D59A-44E9-80C1-883A69FC24F3}.Release English|Win32.ActiveCfg = Release|Win32
		{9D2494B8-D59A-44E9-80C1-883A69FC24F3}.Release English|Win32.Build.0 = Release|Win32
		{9D2494B8-D59A-44E9-80C1-883A69FC24F3}.Release English|x64.ActiveCfg = Release|Win32
		{9D2494B8-D59A-44E9-80C1-883A69FC24F3}.Release en-US|Win32.ActiveCfg = Release|Win32
		{9D2494B8-D59A-44E9-80C1-883A69FC24F3}.Release en-US|x64.ActiveCfg = Release|Win32
		{9D2494B8-D59A-44E9-80C1-883A69FC24F3}.Release es-ES|Win32.ActiveCfg = Release|Win32
		{9D2494B8-D59A-44E9-80C1-883A69FC24F3}.Release es-ES|x64.ActiveCfg = Release|Win32
		{9D2494B8-D59A-44E9-80C1-883A69FC24F3}.Release fr-FR|Win32.ActiveCfg = Release|Win32
		{9D2494B8-D59A-44E9-80C1-883A69FC24F3}.Release fr-FR|Win32.Build.0 = Release|Win32
		{9D2494B8-D59A-44E9-80C1-883A69FC24F3}.Release fr-FR|x64.ActiveCfg = Release|Win32
		{9D2494B8-D59A-44E9-80C1-883A69FC24F3}.Release P4 Standard|Win32.ActiveCfg = Release|Win32
		{9D2494B8-D59A-44E9-80C1-883A69FC24F3}.Release P4 Standard|Win32.Build.0 = Release|Win32
		{9D2494B8-D59A-44E9-80C1-883A69FC24F3}.Release P4 Standard|x64.ActiveCfg = Release|Win32
		{9D2494B8-D59A-44E9-80C1-883A69FC24F3}.Release SPANISH|Win32.ActiveCfg = Release|Win32
		{9D2494B8-D59A-44E9-80C1-883A69FC24F3}.Release SPANISH|Win32.Build.0 = Release|Win32
		{9D2494B8-D59A-44E9-80C1-883A69FC24F3}.Release SPANISH|x64.ActiveCfg = Release|Win32
		{9D2494B8-D59A-44E9-80C1-883A69FC24F3}.Release Standard P4|Win32.ActiveCfg = Release|Win32
		{9D2494B8-D59A-44E9-80C1-883A69FC24F3}.Release Standard P4|Win32.Build.0 = Release|Win32
		{9D2494B8-D59A-44E9-80C1-883A69FC24F3}.Release Standard P4|x64.ActiveCfg = Release|Win32
		{9D2494B8-D59A-44E9-80C1-883A69FC24F3}.Release test|Win32.ActiveCfg = Release|Win32
		{9D2494B8-D59A-44E9-80C1-883A69FC24F3}.Release test|Win32.Build.0 = Release|Win32
		{9D2494B8-D59A-44E9-80C1-883A69FC24F3}.Release test|x64.ActiveCfg = Release|Win32
		{9D2494B8-D59A-44E9-80C1-883A69FC24F3}.Release|Win32.ActiveCfg = Release|Win32
		{9D2494B8-D59A-44E9-80C1-883A69FC24F3}.Release|Win32.Build.0 = Release|Win32
		{9D2494B8-D59A-44E9-80C1-883A69FC24F3}.Release|x64.ActiveCfg = Release|Win32
		{605F4BE7-E559-5FD3-C55E-F1A4D6BACD1A}.Debug|Win32.ActiveCfg = Release|Win32
		{605F4BE7-E559-5FD3-C55E-F1A4D6BACD1A}.Debug|Win32.Build.0 = Release|Win32
		{605F4BE7-E559-5FD3-C55E-F1A4D6BACD1A}.Debug|x64.ActiveCfg = Release|Win32
		{605F4BE7-E559-5FD3-C55E-F1A4D6BACD1A}.Regards Standard P4|Win32.ActiveCfg = Release|Win32
		{605F4BE7-E559-5FD3-C55E-F1A4D6BACD1A}.Regards Standard P4|Win32.Build.0 = Release|Win32
		{605F4BE7-E559-5FD3-C55E-F1A4D6BACD1A}.Regards Standard P4|x64.ActiveCfg = Release|Win32
		{605F4BE7-E559-5FD3-C55E-F1A4D6BACD1A}.Release Anglaise|Win32.ActiveCfg = Release P4 Standard|Win32
		{605F4BE7-E559-5FD3-C55E-F1A4D6BACD1A}.Release Anglaise|Win32.Build.0 = Release P4 Standard|Win32
		{605F4BE7-E559-5FD3-C55E-F1A4D6BACD1A}.Release Anglaise|x64.ActiveCfg = Release P4 Standard|Win32
		{605F4BE7-E559-5FD3-C55E-F1A4D6BACD1A}.Release English|Win32.ActiveCfg = Release P4 Standard|Win32
		{605F4BE7-E559-5FD3-C55E-F1A4D6BACD1A}.Release English|Win32.Build.0 = Release P4 Standard|Win32
		{605F4BE7-E559-5FD3-C55E-F1A4D6BACD1A}.Release English|x64.ActiveCfg = Release P4 Standard|Win32
		{605F4BE7-E559-5FD3-C55E-F1A4D6BACD1A}.Release en-US|Win32.ActiveCfg = Release P4 Standard|Win32
		{605F4BE7-E559-5FD3-C55E-F1A4D6BACD1A}.Release en-US|Win32.Build.0 = Release P4 Standard|Win32
		{605F4BE7-E559-5FD3-C55E-F1A4D6BACD1A}.Release en-US|x64.ActiveCfg = Release P4 Standard|Win32
		{605F4BE7-E559-5FD3-C55E-F1A4D6BACD1A}.Release es-ES|Win32.ActiveCfg = Release P4 Standard|Win32
		{605F4BE7-E559-5FD3-C55E-F1A4D6BACD1A}.Release es-ES|Win32.Build.0 = Release P4 Standard|Win32
		{605F4BE7-E559-5FD3-C55E-F1A4D6BACD1A}.Release es-ES|x64.ActiveCfg = Release P4 Standard|Win32
		{605F4BE7-E559-5FD3-C55E-F1A4D6BACD1A}.Release fr-FR|Win32.ActiveCfg = Release P4 Standard|Win32
		{605F4BE7-E559-5FD3-C55E-F1A4D6BACD1A}.Release fr-FR|Win32.Build.0 = Release P4 Standard|Win32
		{605F4BE7-E559-5FD3-C55E-F1A4D6BACD1A}.Release fr-FR|x64.ActiveCfg = Release P4 Standard|Win32
		{605F4BE7-E559-5FD3-C55E-F1A4D6BACD1A}.Release P4 Standard|Win32.ActiveCfg = Release P4 Standard|Win32
		{605F4BE7-E559-5FD3-C55E-F1A4D6BACD1A}.Release P4 Standard|Win32.Build.0 = Release P4 Standard|Win32
		{605F4BE7-E559-5FD3-C55E-F1A4D6BACD1A}.Release P4 Standard|x64.ActiveCfg = Release P4 Standard|Win32
		{605F4BE7-E559-5FD3-C55E-F1A4D6BACD1A}.Release SPANISH|Win32.ActiveCfg = Release P4 Standard|Win32
		{605F4BE7-E559-5FD3-C55E-F1A4D6BACD1A}.Release SPANISH|Win32.Build.0 = Release P4 Standard|Win32
		{605F4BE7-E559-5FD3-C55E-F1A4D6BACD1A}.Release SPANISH|x64.ActiveCfg = Release P4 Standard|Win32
		{605F4BE7-E559-5FD3-C55E-F1A4D6BACD1A}.Release Standard P4|Win32.ActiveCfg = Release P4 Standard|Win32
		{605F4BE7-E559-5FD3-C55E-F1A4D6BACD1A}.Release Standard P4|Win32.Build.0 = Release P4 Standard|Win32
		{605F4BE7-E559-5FD3-C55E-F1A4D6BACD1A}.Release Standard P4|x64.ActiveCfg = Release P4 Standard|Win32
		{605F4BE7-E559-5FD3-C55E-F1A4D6BACD1A}.Release test|Win32.ActiveCfg = Release P4 Standard|Win32
		{605F4BE7-E559-5FD3-C55E-F1A4D6BACD1A}.Release test|Win32.Build.0 = Release P4 Standard|Win32
		{605F4BE7-E559-5FD3-C55E-F1A4D6BACD1A}.Release test|x64.ActiveCfg = Release P4 Standard|Win32
		{605F4BE7-E559-5FD3-C55E-F1A4D6BACD1A}.Release|Win32.ActiveCfg = Release|Win32
		{605F4BE7-E559-5FD3-C55E-F1A4D6BACD1A}.Release|Win32.Build.0 = Release|Win32
		{605F4BE7-E559-5FD3-C55E-F1A4D6BACD1A}.Release|x64.ActiveCfg = Release|Win32
		{8207FB9A-1DA6-3A43-C7DA-33FD95AE843F}.Debug|Win32.ActiveCfg = Release|Win32
		{8207FB9A-1DA6-3A43-C7DA-33FD95AE843F}.Debug|Win32.Build.0 = Release|Win32
		{8207FB9A-1DA6-3A43-C7DA-33FD95AE843F}.Debug|x64.ActiveCfg = Release|Win32
		{8207FB9A-1DA6-3A43-C7DA-33FD95AE843F}.Regards Standard P4|Win32.ActiveCfg = Release|Win32
		{8207FB9A-1DA6-3A43-C7DA-33FD95AE843F}.Regards Standard P4|Win32.Build.0 = Release|Win32
		{8207FB9A-1DA6-3A43-C7DA-33FD95AE843F}.Regards Standard P4|x64.ActiveCfg = Release|Win32
		{8207FB9A-1DA6-3A43-C7DA-33FD95AE843F}.Release Anglaise|Win32.ActiveCfg = Release P4 Standard|Win32
		{8207FB9A-1DA6-3A43-C7DA-33FD95AE843F}.Release Anglaise|Win32.Build.0 = Release P4 Standard|Win32
		{8207FB9A-1DA6-3A43-C7DA-33FD95AE843F}.Release Anglaise|x64.ActiveCfg = Release P4 Standard|Win32
		{8207FB9A-1DA6-3A43-C7DA-33FD95AE843F}.Release English|Win32.ActiveCfg = Release P4 Standard|Win32
		{8207FB9A-1DA6-3A43-C7DA-33FD95AE843F}.Release English|Win32.Build.0 = Release P4 Standard|Win32
		{8207FB9A-1DA6-3A43-C7DA-33FD95AE843F}.Release English|x64.ActiveCfg = Release P4 Standard|Win32
		{8207FB9A-1DA6-3A43-C7DA-33FD95AE843F}.Release en-US|Win32.ActiveCfg = Release P4 Standard|Win32
		{8207FB9A-1DA6-3A43-C7DA-33FD95AE843F}.Release en-US|Win32.Build.0 = Release P4 Standard|Win32
		{8207FB9A-1DA6-3A43-C7DA-33FD95AE843F}.Release en-US|x64.ActiveCfg = Release P4 Standard|Win32
		{8207FB9A-1DA6-3A43-C7DA-33FD95AE843F}.Release es-ES|Win32.ActiveCfg = Release P4 Standard|Win32
		{8207FB9A-1DA6-3A43-C7DA-33FD95AE843F}.Release es-ES|Win32.Build.0 = Release P4 Standard|Win32
		{8207FB9A-1DA6-3A43-C7DA-33FD95AE843F}.Release es-ES|x64.ActiveCfg = Release P4 Standard|Win32
		{8207FB9A-1DA6-3A43-C7DA-33FD95AE843F}.Release fr-FR|Win32.ActiveCfg = Release P4 Standard|Win32
		{8207FB9A-1DA6-3A43-C7DA-33FD95AE843F}.Release fr-FR|Win32.Build.0 = Release P4 Standard|Win32
		{8207FB9A-1DA6-3A43-C7DA-33FD95AE843F}.Release fr-FR|x64.ActiveCfg = Release P4 Standard|Win32
		{8207FB9A-1DA6-3A43-C7DA-33FD95AE843F}.Release P4 Standard|Win32.ActiveCfg = Release P4 Standard|Win32
		{8207FB9A-1DA6-3A43-C7DA-33FD95AE843F}.Release P4 Standard|Win32.Build.0 = Release P4 Standard|Win32
		{8207FB9A-1DA6-3A43-C7DA-33FD95AE843F}.Release P4 Standard|x64.ActiveCfg = Release P4 Standard|Win32
		{8207FB9A-1DA6-3A43-C7DA-33FD95AE843F}.Release SPANISH|Win32.ActiveCfg = Release P4 Standard|Win32
		{8207FB9A-1DA6-3A43-C7DA-33FD95AE843F}.Release SPANISH|Win32.Build.0 = Release P4 Standard|Win32
		{8207FB9A-1DA6-3A43-C7DA-33FD95AE843F}.Release SPANISH|x64.ActiveCfg = Release P4 Standard|Win32
		{8207FB9A-1DA6-3A43-C7DA-33FD95AE843F}.Release Standard P4|Win32.ActiveCfg = Release P4 Standard|Win32
		{8207FB9A-1DA6-3A43-C7DA-33FD95AE843F}.Release Standard P4|Win32.Build.0 = Release P4 Standard|Win32
		{8207FB9A-1DA6-3A43-C7DA-33FD95AE843F}.Release Standard P4|x64.ActiveCfg = Release P4 Standard|Win32
		{8207FB9A-1DA6-3A43-C7DA-33FD95AE843F}.Release test|Win32.ActiveCfg = Release P4 Standard|Win32
		{8207FB9A-1DA6-3A43-C7DA-33FD95AE843F}.Release test|Win32.Build.0 = Release P4 Standard|Win32
		{8207FB9A-1DA6-3A43-C7DA-33FD95AE843F}.Release test|x64.ActiveCfg = Release P4 Standard|Win32
		{8207FB9A-1DA6-3A43-C7DA-33FD95AE843F}.Release|Win32.ActiveCfg = Release|Win32
		{8207FB9A-1DA6-3A43-C7DA-33FD95AE843F}.Release|Win32.Build.0 = Release|Win32
		{8207FB9A-1DA6-3A43-C7DA-33FD95AE843F}.Release|x64.ActiveCfg = Release|Win32
		{4A04D38A-66F0-1257-9452-649A5DEBE7C6}.Debug|Win32.ActiveCfg = Release|Win32
		{4A04D38A-66F0-1257-9452-649A5DEBE7C6}.Debug|Win32.Build.0 = Release|Win32
		{4A04D38A-66F0-1257-9452-649A5DEBE7C6}.Debug|x64.ActiveCfg = Release|Win32
		{4A04D38A-66F0-1257-9452-649A5DEBE7C6}.Regards Standard P4|Win32.ActiveCfg = Release|Win32
		{4A04D38A-66F0-1257-9452-649A5DEBE7C6}.Regards Standard P4|Win32.Build.0 = Release|Win32
		{4A04D38A-66F0-1257-9452-649A5DEBE7C6}.Regards Standard P4|x64.ActiveCfg = Release|Win32
		{4A04D38A-66F0-1257-9452-649A5DEBE7C6}.Release Anglaise|Win32.ActiveCfg = Release P4 Standard|Win32
		{4A04D38A-66F0-1257-9452-649A5DEBE7C6}.Release Anglaise|Win32.Build.0 = Release P4 Standard|Win32
		{4A04D38A-66F0-1257-9452-649A5DEBE7C6}.Release Anglaise|x64.ActiveCfg = Release P4 Standard|Win32
		{4A04D38A-66F0-1257-9452-649A5DEBE7C6}.Release English|Win32.ActiveCfg = Release P4 Standard|Win32
		{4A04D38A-66F0-1257-9452-649A5DEBE7C6}.Release English|Win32.Build.0 = Release P4 Standard|Win32
		{4A04D38A-66F0-1257-9452-649A5DEBE7C6}.Release English|x64.ActiveCfg = Release P4 Standard|Win32
		{4A04D38A-66F0-1257-9452-649A5DEBE7C6}.Release en-US|Win32.ActiveCfg = Release P4 Standard|Win32
		{4A04D38A-66F0-1257-9452-649A5DEBE7C6}.Release en-US|Win32.Build.0 = Release P4 Standard|Win32
		{4A04D38A-66F0-1257-9452-649A5DEBE7C6}.Release en-US|x64.ActiveCfg = Release P4 Standard|Win32
		{4A04D38A-66F0-1257-9452-649A5DEBE7C6}.Release es-ES|Win32.ActiveCfg = Release P4 Standard|Win32
		{4A04D38A-66F0-1257-9452-649A5DEBE7C6}.Release es-ES|Win32.Build.0 = Release P4 Standard|Win32
		{4A04D38A-66F0-1257-9452-649A5DEBE7C6}.Release es-ES|x64.ActiveCfg = Release P4 Standard|Win32
		{4A04D38A-66F0-1257-9452-649A5DEBE7C6}.Release fr-FR|Win32.ActiveCfg = Release P4 Standard|Win32
		{4A04D38A-66F0-1257-9452-649A5DEBE7C6}.Release fr-FR|Win32.Build.0 = Release P4 Standard|Win32
		{4A04D38A-66F0-1257-9452-649A5DEBE7C6}.Release fr-FR|x64.ActiveCfg = Release P4 Standard|Win32
		{4A04D38A-66F0-1257-9452-649A5DEBE7C6}.Release P4 Standard|Win32.ActiveCfg = Release P4 Standard|Win32
		{4A04D38A-66F0-1257-9452-649A5DEBE7C6}.Release P4 Standard|Win32.Build.0 = Release P4 Standard|Win32
		{4A04D38A-66F0-1257-9452-649A5DEBE7C6}.Release P4 Standard|x64.ActiveCfg = Release P4 Standard|Win32
		{4A04D38A-66F0-1257-9452-649A5DEBE7C6}.Release SPANISH|Win32.ActiveCfg = Release P4 Standard|Win32
		{4A04D38A-66F0-1257-9452-649A5DEBE7C6}.Release SPANISH|Win32.Build.0 = Release P4 Standard|Win32
		{4A04D38A-66F0-1257-9452-649A5DEBE7C6}.Release SPANISH|x64.ActiveCfg = Release P4 Standard|Win32
		{4A04D38A-66F0-1257-9452-649A5DEBE7C6}.Release Standard P4|Win32.ActiveCfg = Release P4 Standard|Win32
		{4A04D38A-66F0-1257-9452-649A5DEBE7C6}.Release Standard P4|Win32.Build.0 = Release P4 Standard|Win32
		{4A04D38A-66F0-1257-9452-649A5DEBE7C6}.Release Standard P4|x64.ActiveCfg = Release P4 Standard|Win32
		{4A04D38A-66F0-1257-9452-649A5DEBE7C6}.Release test|Win32.ActiveCfg = Release P4 Standard|Win32
		{4A04D38A-66F0-1257-9452-649A5DEBE7C6}.Release test|Win32.Build.0 = Release P4 Standard|Win32
		{4A04D38A-66F0-1257-9452-649A5DEBE7C6}.Release test|x64.ActiveCfg = Release P4 Standard|Win32
		{4A04D38A-66F0-1257-9452-649A5DEBE7C6}.Release|Win32.ActiveCfg = Release|Win32
		{4A04D38A-66F0-1257-9452-649A5DEBE7C6}.Release|Win32.Build.0 = Release|Win32
		{4A04D38A-66F0-1257-9452-649A5DEBE7C6}.Release|x64.ActiveCfg = Release|Win32
		{7BEA582F-69D2-487E-AE37-B3CF399B1734}.Debug|Win32.ActiveCfg = Release|Win32
		{7BEA582F-69D2-487E-AE37-B3CF399B1734}.Debug|Win32.Build.0 = Release|Win32
		{7BEA582F-69D2-487E-AE37-B3CF399B1734}.Debug|x64.ActiveCfg = Release|Win32
		{7BEA582F-69D2-487E-AE37-B3CF399B1734}.Regards Standard P4|Win32.ActiveCfg = Release|Win32
		{7BEA582F-69D2-487E-AE37-B3CF399B1734}.Regards Standard P4|Win32.Build.0 = Release|Win32
		{7BEA582F-69D2-487E-AE37-B3CF399B1734}.Regards Standard P4|x64.ActiveCfg = Release|Win32
		{7BEA582F-69D2-487E-AE37-B3CF399B1734}.Release Anglaise|Win32.ActiveCfg = Release P4 Standard|Win32
		{7BEA582F-69D2-487E-AE37-B3CF399B1734}.Release Anglaise|Win32.Build.0 = Release P4 Standard|Win32
		{7BEA582F-69D2-487E-AE37-B3CF399B1734}.Release Anglaise|x64.ActiveCfg = Release P4 Standard|Win32
		{7BEA582F-69D2-487E-AE37-B3CF399B1734}.Release English|Win32.ActiveCfg = Release P4 Standard|Win32
		{7BEA582F-69D2-487E-AE37-B3CF399B1734}.Release English|Win32.Build.0 = Release P4 Standard|Win32
		{7BEA582F-69D2-487E-AE37-B3CF399B1734}.Release English|x64.ActiveCfg = Release P4 Standard|Win32
		{7BEA582F-69D2-487E-AE37-B3CF399B1734}.Release en-US|Win32.ActiveCfg = Release P4 Standard|Win32
		{7BEA582F-69D2-487E-AE37-B3CF399B1734}.Release en-US|Win32.Build.0 = Release P4 Standard|Win32
		{7BEA582F-69D2-487E-AE37-B3CF399B1734}.Release en-US|x64.ActiveCfg = Release P4 Standard|Win32
		{7BEA582F-69D2-487E-AE37-B3CF399B1734}.Release es-ES|Win32.ActiveCfg = Release P4 Standard|Win32
		{7BEA582F-69D2-487E-AE37-B3CF399B1734}.Release es-ES|Win32.Build.0 = Release P4 Standard|Win32
		{7BEA582F-69D2-487E-AE37-B3CF399B1734}.Release es-ES|x64.ActiveCfg = Release P4 Standard|Win32
		{7BEA582F-69D2-487E-AE37-B3CF399B1734}.Release fr-FR|Win32.ActiveCfg = Release P4 Standard|Win32
		{7BEA582F-69D2-487E-AE37-B3CF399B1734}.Release fr-FR|Win32.Build.0 = Release P4 Standard|Win32
		{7BEA582F-69D2-487E-AE37-B3CF399B1734}.Release fr-FR|x64.ActiveCfg = Release P4 Standard|Win32
		{7BEA582F-69D2-487E-AE37-B3CF399B1734}.Release P4 Standard|Win32.ActiveCfg = Release P4 Standard|Win32
		{7BEA582F-69D2-487E-AE37-B3CF399B1734}.Release P4 Standard|Win32.Build.0 = Release P4 Standard|Win32
		{7BEA582F-69D2-487E-AE37-B3CF399B1734}.Release P4 Standard|x64.ActiveCfg = Release P4 Standard|Win32
		{7BEA582F-69D2-487E-AE37-B3CF399B1734}.Release SPANISH|Win32.ActiveCfg = Release P4 Standard|Win32
		{7BEA582F-69D2-487E-AE37-B3CF399B1734}.Release SPANISH|Win32.Build.0 = Release P4 Standard|Win32
		{7BEA582F-69D2-487E-AE37-B3CF399B1734}.Release SPANISH|x64.ActiveCfg = Release P4 Standard|Win32
		{7BEA582F-69D2-487E-AE37-B3CF399B1734}.Release Standard P4|Win32.ActiveCfg = Release P4 Standard|Win32
		{7BEA582F-69D2-487E-AE37-B3CF399B1734}.Release Standard P4|Win32.Build.0 = Release P4 Standard|Win32
		{7BEA582F-69D2-487E-AE37-B3CF399B1734}.Release Standard P4|x64.ActiveCfg = Release P4 Standard|Win32
		{7BEA582F-69D2-487E-AE37-B3CF399B1734}.Release test|Win32.ActiveCfg = Release P4 Standard|Win32
		{7BEA582F-69D2-487E-AE37-B3CF399B1734}.Release test|Win32.Build.0 = Release P4 Standard|Win32
		{7BEA582F-69D2-487E-AE37-B3CF399B1734}.Release test|x64.ActiveCfg = Release P4 Standard|Win32
		{7BEA582F-69D2-487E-AE37-B3CF399B1734}.Release|Win32.ActiveCfg = Release|Win32
		{7BEA582F-69D2-487E-AE37-B3CF399B1734}.Release|Win32.Build.0 = Release|Win32
		{7BEA582F-69D2-487E-AE37-B3CF399B1734}.Release|x64.ActiveCfg = Release|Win32
		{27F7A3DE-A542-1FBB-9750-AF54B86C9B77}.Debug|Win32.ActiveCfg = Release|Win32
		{27F7A3DE-A542-1FBB-9750-AF54B86C9B77}.Debug|Win32.Build.0 = Release|Win32
		{27F7A3DE-A542-1FBB-9750-AF54B86C9B77}.Debug|x64.ActiveCfg = Release|Win32
		{27F7A3DE-A542-1FBB-9750-AF54B86C9B77}.Regards Standard P4|Win32.ActiveCfg = Release|Win32
		{27F7A3DE-A542-1FBB-9750-AF54B86C9B77}.Regards Standard P4|Win32.Build.0 = Release|Win32
		{27F7A3DE-A542-1FBB-9750-AF54B86C9B77}.Regards Standard P4|x64.ActiveCfg = Release|Win32
		{27F7A3DE-A542-1FBB-9750-AF54B86C9B77}.Release Anglaise|Win32.ActiveCfg = Release P4 Standard|Win32
		{27F7A3DE-A542-1FBB-9750-AF54B86C9B77}.Release Anglaise|Win32.Build.0 = Release P4 Standard|Win32
		{27F7A3DE-A542-1FBB-9750-AF54B86C9B77}.Release Anglaise|x64.ActiveCfg = Release P4 Standard|Win32
		{27F7A3DE-A542-1FBB-9750-AF54B86C9B77}.Release English|Win32.ActiveCfg = Release P4 Standard|Win32
		{27F7A3DE-A542-1FBB-9750-AF54B86C9B77}.Release English|Win32.Build.0 = Release P4 Standard|Win32
		{27F7A3DE-A542-1FBB-9750-AF54B86C9B77}.Release English|x64.ActiveCfg = Release P4 Standard|Win32
		{27F7A3DE-A542-1FBB-9750-AF54B86C9B77}.Release en-US|Win32.ActiveCfg = Release P4 Standard|Win32
		{27F7A3DE-A542-1FBB-9750-AF54B86C9B77}.Release en-US|Win32.Build.0 = Release P4 Standard|Win32
		{27F7A3DE-A542-1FBB-9750-AF54B86C9B77}.Release en-US|x64.ActiveCfg = Release P4 Standard|Win32
		{27F7A3DE-A542-1FBB-9750-AF54B86C9B77}.Release es-ES|Win32.ActiveCfg = Release P4 Standard|Win32
		{27F7A3DE-A542-1FBB-9750-AF54B86C9B77}.Release es-ES|Win32.Build.0 = Release P4 Standard|Win32
		{27F7A3DE-A542-1FBB-9750-AF54B86C9B77}.Release es-ES|x64.ActiveCfg = Release P4 Standard|Win32
		{27F7A3DE-A542-1FBB-9750-AF54B86C9B77}.Release fr-FR|Win32.ActiveCfg = Release P4 Standard|Win32
		{27F7A3DE-A542-1FBB-9750-AF54B86C9B77}.Release fr-FR|Win32.Build.0 = Release P4 Standard|Win32
		{27F7A3DE-A542-1FBB-9750-AF54B86C9B77}.Release fr-FR|x64.ActiveCfg = Release P4 Standard|Win32
		{27F7A3DE-A542-1FBB-9750-AF54B86C9B77}.Release P4 Standard|Win32.ActiveCfg = Release P4 Standard|Win32
		{27F7A3DE-A542-1FBB-9750-AF54B86C9B77}.Release P4 Standard|Win32.Build.0 = Release P4 Standard|Win32
		{27F7A3DE-A542-1FBB-9750-AF54B86C9B77}.Release P4 Standard|x64.ActiveCfg = Release P4 Standard|Win32
		{27F7A3DE-A542-1FBB-9750-AF54B86C9B77}.Release SPANISH|Win32.ActiveCfg = Release P4 Standard|Win32
		{27F7A3DE-A542-1FBB-9750-AF54B86C9B77}.Release SPANISH|Win32.Build.0 = Release P4 Standard|Win32
		{27F7A3DE-A542-1FBB-9750-AF54B86C9B77}.Release SPANISH|x64.ActiveCfg = Release P4 Standard|Win32
		{27F7A3DE-A542-1FBB-9750-AF54B86C9B77}.Release Standard P4|Win32.ActiveCfg = Release P4 Standard|Win32
		{27F7A3DE-A542-1FBB-9750-AF54B86C9B77}.Release Standard P4|Win32.Build.0 = Release P4 Standard|Win32
		{27F7A3DE-A542-1FBB-9750-AF54B86C9B77}.Release Standard P4|x64.ActiveCfg = Release P4 Standard|Win32
		{27F7A3DE-A542-1FBB-9750-AF54B86C9B77}.Release test|Win32.ActiveCfg = Release P4 Standard|Win32
		{27F7A3DE-A542-1FBB-9750-AF54B86C9B77}.Release test|Win32.Build.0 = Release P4 Standard|Win32
		{27F7A3DE-A542-1FBB-9750-AF54B86C9B77}.Release test|x64.ActiveCfg = Release P4 Standard|Win32
		{27F7A3DE-A542-1FBB-9750-AF54B86C9B77}.Release|Win32.ActiveCfg = Release|Win32
		{27F7A3DE-A542-1FBB-9750-AF54B86C9B77}.Release|Win32.Build.0 = Release|Win32
		{27F7A3DE-A542-1FBB-9750-AF54B86C9B77}.Release|x64.ActiveCfg = Release|Win32
		{89E70DEE-2BF5-4852-9E0C-8F1671F63BBB}.Debug|Win32.ActiveCfg = Release|Win32
		{89E70DEE-2BF5-4852-9E0C-8F1671F63BBB}.Debug|Win32.Build.0 = Release|Win32
		{89E70DEE-2BF5-4852-9E0C-8F1671F63BBB}.Debug|x64.ActiveCfg = Release|Win32
		{89E70DEE-2BF5-4852-9E0C-8F1671F63BBB}.Regards Standard P4|Win32.ActiveCfg = Release|Win32
		{89E70DEE-2BF5-4852-9E0C-8F1671F63BBB}.Regards Standard P4|Win32.Build.0 = Release|Win32
		{89E70DEE-2BF5-4852-9E0C-8F1671F63BBB}.Regards Standard P4|x64.ActiveCfg = Release|Win32
		{89E70DEE-2BF5-4852-9E0C-8F1671F63BBB}.Release Anglaise|Win32.ActiveCfg = Release P4 Standard|Win32
		{89E70DEE-2BF5-4852-9E0C-8F1671F63BBB}.Release Anglaise|Win32.Build.0 = Release P4 Standard|Win32
		{89E70DEE-2BF5-4852-9E0C-8F1671F63BBB}.Release Anglaise|x64.ActiveCfg = Release P4 Standard|Win32
		{89E70DEE-2BF5-4852-9E0C-8F1671F63BBB}.Release English|Win32.ActiveCfg = Release P4 Standard|Win32
		{89E70DEE-2BF5-4852-9E0C-8F1671F63BBB}.Release English|Win32.Build.0 = Release P4 Standard|Win32
		{89E70DEE-2BF5-4852-9E0C-8F1671F63BBB}.Release English|x64.ActiveCfg = Release P4 Standard|Win32
		{89E70DEE-2BF5-4852-9E0C-8F1671F63BBB}.Release en-US|Win32.ActiveCfg = Release P4 Standard|Win32
		{89E70DEE-2BF5-4852-9E0C-8F1671F63BBB}.Release en-US|Win32.Build.0 = Release P4 Standard|Win32
		{89E70DEE-2BF5-4852-9E0C-8F1671F63BBB}.Release en-US|x64.ActiveCfg = Release P4 Standard|Win32
		{89E70DEE-2BF5-4852-9E0C-8F1671F63BBB}.Release es-ES|Win32.ActiveCfg = Release P4 Standard|Win32
		{89E70DEE-2BF5-4852-9E0C-8F1671F63BBB}.Release es-ES|Win32.Build.0 = Release P4 Standard|Win32
		{89E70DEE-2BF5-4852-9E0C-8F1671F63BBB}.Release es-ES|x64.ActiveCfg = Release P4 Standard|Win32
		{89E70DEE-2BF5-4852-9E0C-8F1671F63BBB}.Release fr-FR|Win32.ActiveCfg = Release P4 Standard|Win32
		{89E70DEE-2BF5-4852-9E0C-8F1671F63BBB}.Release fr-FR|Win32.Build.0 = Release P4 Standard|Win32
		{89E70DEE-2BF5-4852-9E0C-8F1671F63BBB}.Release fr-FR|x64.ActiveCfg = Release P4 Standard|Win32
		{89E70DEE-2BF5-4852-9E0C-8F1671F63BBB}.Release P4 Standard|Win32.ActiveCfg = Release P4 Standard|Win32
		{89E70DEE-2BF5-4852-9E0C-8F1671F63BBB}.Release P4 Standard|Win32.Build.0 = Release P4 Standard|Win32
		{89E70DEE-2BF5-4852-9E0C-8F1671F63BBB}.Release P4 Standard|x64.ActiveCfg = Release P4 Standard|Win32
		{89E70DEE-2BF5-4852-9E0C-8F1671F63BBB}.Release SPANISH|Win32.ActiveCfg = Release P4 Standard|Win32
		{89E70DEE-2BF5-4852-9E0C-8F1671F63BBB}.Release SPANISH|Win32.Build.0 = Release P4 Standard|Win32
		{89E70DEE-2BF5-4852-9E0C-8F1671F63BBB}.Release SPANISH|x64.ActiveCfg = Release P4 Standard|Win32
		{89E70DEE-2BF5-4852-9E0C-8F1671F63BBB}.Release Standard P4|Win32.ActiveCfg = Release P4 Standard|Win32
		{89E70DEE-2BF5-4852-9E0C-8F1671F63BBB}.Release Standard P4|Win32.Build.0 = Release P4 Standard|Win32
		{89E70DEE-2BF5-4852-9E0C-8F1671F63BBB}.Release Standard P4|x64.ActiveCfg = Release P4 Standard|Win32
		{89E70DEE-2BF5-4852-9E0C-8F1671F63BBB}.Release test|Win32.ActiveCfg = Release P4 Standard|Win32
		{89E70DEE-2BF5-4852-9E0C-8F1671F63BBB}.Release test|Win32.Build.0 = Release P4 Standard|Win32
		{89E70DEE-2BF5-4852-9E0C-8F1671F63BBB}.Release test|x64.ActiveCfg = Release P4 Standard|Win32
		{89E70DEE-2BF5-4852-9E0C-8F1671F63BBB}.Release|Win32.ActiveCfg = Release|Win32
		{89E70DEE-2BF5-4852-9E0C-8F1671F63BBB}.Release|Win32.Build.0 = Release|Win32
		{89E70DEE-2BF5-4852-9E0C-8F1671F63BBB}.Release|x64.ActiveCfg = Release|Win32
		{4CFEFB82-C34D-4D3F-B21D-95F288555B19}.Debug|Win32.ActiveCfg = Debug|Win32
		{4CFEFB82-C34D-4D3F-B21D-95F288555B19}.Debug|Win32.Build.0 = Debug|Win32
		{4CFEFB82-C34D-4D3F-B21D-95F288555B19}.Debug|x64.ActiveCfg = Debug|Win32
		{4CFEFB82-C34D-4D3F-B21D-95F288555B19}.Regards Standard P4|Win32.ActiveCfg = Release|Win32
		{4CFEFB82-C34D-4D3F-B21D-95F288555B19}.Regards Standard P4|Win32.Build.0 = Release|Win32
		{4CFEFB82-C34D-4D3F-B21D-95F288555B19}.Regards Standard P4|x64.ActiveCfg = Release|Win32
		{4CFEFB82-C34D-4D3F-B21D-95F288555B19}.Release Anglaise|Win32.ActiveCfg = Release P4 Standard|Win32
		{4CFEFB82-C34D-4D3F-B21D-95F288555B19}.Release Anglaise|Win32.Build.0 = Release P4 Standard|Win32
		{4CFEFB82-C34D-4D3F-B21D-95F288555B19}.Release Anglaise|x64.ActiveCfg = Release P4 Standard|Win32
		{4CFEFB82-C34D-4D3F-B21D-95F288555B19}.Release English|Win32.ActiveCfg = Release P4 Standard|Win32
		{4CFEFB82-C34D-4D3F-B21D-95F288555B19}.Release English|Win32.Build.0 = Release P4 Standard|Win32
		{4CFEFB82-C34D-4D3F-B21D-95F288555B19}.Release English|x64.ActiveCfg = Release P4 Standard|Win32
		{4CFEFB82-C34D-4D3F-B21D-95F288555B19}.Release en-US|Win32.ActiveCfg = Release P4 Standard|Win32
		{4CFEFB82-C34D-4D3F-B21D-95F288555B19}.Release en-US|Win32.Build.0 = Release P4 Standard|Win32
		{4CFEFB82-C34D-4D3F-B21D-95F288555B19}.Release en-US|x64.ActiveCfg = Release P4 Standard|Win32
		{4CFEFB82-C34D-4D3F-B21D-95F288555B19}.Release es-ES|Win32.ActiveCfg = Release P4 Standard|Win32
		{4CFEFB82-C34D-4D3F-B21D-95F288555B19}.Release es-ES|Win32.Build.0 = Release P4 Standard|Win32
		{4CFEFB82-C34D-4D3F-B21D-95F288555B19}.Release es-ES|x64.ActiveCfg = Release P4 Standard|Win32
		{4CFEFB82-C34D-4D3F-B21D-95F288555B19}.Release fr-FR|Win32.ActiveCfg = Release P4 Standard|Win32
		{4CFEFB82-C34D-4D3F-B21D-95F288555B19}.Release fr-FR|Win32.Build.0 = Release P4 Standard|Win32
		{4CFEFB82-C34D-4D3F-B21D-95F288555B19}.Release fr-FR|x64.ActiveCfg = Release P4 Standard|Win32
		{4CFEFB82-C34D-4D3F-B21D-95F288555B19}.Release P4 Standard|Win32.ActiveCfg = Release P4 Standard|Win32
		{4CFEFB82-C34D-4D3F-B21D-95F288555B19}.Release P4 Standard|Win32.Build.0 = Release P4 Standard|Win32
		{4CFEFB82-C34D-4D3F-B21D-95F288555B19}.Release P4 Standard|x64.ActiveCfg = Release P4 Standard|Win32
		{4CFEFB82-C34D-4D3F-B21D-95F288555B19}.Release SPANISH|Win32.ActiveCfg = Release P4 Standard|Win32
		{4CFEFB82-C34D-4D3F-B21D-95F288555B19}.Release SPANISH|Win32.Build.0 = Release P4 Standard|Win32
		{4CFEFB82-C34D-4D3F-B21D-95F288555B19}.Release SPANISH|x64.ActiveCfg = Release P4 Standard|Win32
		{4CFEFB82-C34D-4D3F-B21D-95F288555B19}.Release Standard P4|Win32.ActiveCfg = Release P4 Standard|Win32
		{4CFEFB82-C34D-4D3F-B21D-95F288555B19}.Release Standard P4|Win32.Build.0 = Release P4 Standard|Win32
		{4CFEFB82-C34D-4D3F-B21D-95F288555B19}.Release Standard P4|x64.ActiveCfg = Release P4 Standard|Win32
		{4CFEFB82-C34D-4D3F-B21D-95F288555B19}.Release test|Win32.ActiveCfg = Release P4 Standard|Win32
		{4CFEFB82-C34D-4D3F-B21D-95F288555B19}.Release test|Win32.Build.0 = Release P4 Standard|Win32
		{4CFEFB82-C34D-4D3F-B21D-95F288555B19}.Release test|x64.ActiveCfg = Release P4 Standard|Win32
		{4CFEFB82-C34D-4D3F-B21D-95F288555B19}.Release|Win32.ActiveCfg = Release|Win32
		{4CFEFB82-C34D-4D3F-B21D-95F288555B19}.Release|Win32.Build.0 = Release|Win32
		{4CFEFB82-C34D-4D3F-B21D-95F288555B19}.Release|x64.ActiveCfg = Release|Win32
		{6F9F2876-CE1A-4F94-877C-6EB063CFB3C0}.Debug|Win32.ActiveCfg = Debug|Win32
		{6F9F2876-CE1A-4F94-877C-6EB063CFB3C0}.Debug|Win32.Build.0 = Debug|Win32
		{6F9F2876-CE1A-4F94-877C-6EB063CFB3C0}.Debug|x64.ActiveCfg = Debug|Win32
		{6F9F2876-CE1A-4F94-877C-6EB063CFB3C0}.Regards Standard P4|Win32.ActiveCfg = Release|Win32
		{6F9F2876-CE1A-4F94-877C-6EB063CFB3C0}.Regards Standard P4|Win32.Build.0 = Release|Win32
		{6F9F2876-CE1A-4F94-877C-6EB063CFB3C0}.Regards Standard P4|x64.ActiveCfg = Release|Win32
		{6F9F2876-CE1A-4F94-877C-6EB063CFB3C0}.Release Anglaise|Win32.ActiveCfg = Release P4 Standard|Win32
		{6F9F2876-CE1A-4F94-877C-6EB063CFB3C0}.Release Anglaise|Win32.Build.0 = Release P4 Standard|Win32
		{6F9F2876-CE1A-4F94-877C-6EB063CFB3C0}.Release Anglaise|x64.ActiveCfg = Release P4 Standard|Win32
		{6F9F2876-CE1A-4F94-877C-6EB063CFB3C0}.Release English|Win32.ActiveCfg = Release P4 Standard|Win32
		{6F9F2876-CE1A-4F94-877C-6EB063CFB3C0}.Release English|Win32.Build.0 = Release P4 Standard|Win32
		{6F9F2876-CE1A-4F94-877C-6EB063CFB3C0}.Release English|x64.ActiveCfg = Release P4 Standard|Win32
		{6F9F2876-CE1A-4F94-877C-6EB063CFB3C0}.Release en-US|Win32.ActiveCfg = Release P4 Standard|Win32
		{6F9F2876-CE1A-4F94-877C-6EB063CFB3C0}.Release en-US|Win32.Build.0 = Release P4 Standard|Win32
		{6F9F2876-CE1A-4F94-877C-6EB063CFB3C0}.Release en-US|x64.ActiveCfg = Release P4 Standard|Win32
		{6F9F2876-CE1A-4F94-877C-6EB063CFB3C0}.Release es-ES|Win32.ActiveCfg = Release P4 Standard|Win32
		{6F9F2876-CE1A-4F94-877C-6EB063CFB3C0}.Release es-ES|Win32.Build.0 = Release P4 Standard|Win32
		{6F9F2876-CE1A-4F94-877C-6EB063CFB3C0}.Release es-ES|x64.ActiveCfg = Release P4 Standard|Win32
		{6F9F2876-CE1A-4F94-877C-6EB063CFB3C0}.Release fr-FR|Win32.ActiveCfg = Release P4 Standard|Win32
		{6F9F2876-CE1A-4F94-877C-6EB063CFB3C0}.Release fr-FR|Win32.Build.0 = Release P4 Standard|Win32
		{6F9F2876-CE1A-4F94-877C-6EB063CFB3C0}.Release fr-FR|x64.ActiveCfg = Release P4 Standard|Win32
		{6F9F2876-CE1A-4F94-877C-6EB063CFB3C0}.Release P4 Standard|Win32.ActiveCfg = Release P4 Standard|Win32
		{6F9F2876-CE1A-4F94-877C-6EB063CFB3C0}.Release P4 Standard|Win32.Build.0 = Release P4 Standard|Win32
		{6F9F2876-CE1A-4F94-877C-6EB063CFB3C0}.Release P4 Standard|x64.ActiveCfg = Release P4 Standard|Win32
		{6F9F2876-CE1A-4F94-877C-6EB063CFB3C0}.Release SPANISH|Win32.ActiveCfg = Release P4 Standard|Win32
		{6F9F2876-CE1A-4F94-877C-6EB063CFB3C0}.Release SPANISH|Win32.Build.0 = Release P4 Standard|Win32
		{6F9F2876-CE1A-4F94-877C-6EB063CFB3C0}.Release SPANISH|x64.ActiveCfg = Release P4 Standard|Win32
		{6F9F2876-CE1A-4F94-877C-6EB063CFB3C0}.Release Standard P4|Win32.ActiveCfg = Release P4 Standard|Win32
		{6F9F2876-CE1A-4F94-877C-6EB063CFB3C0}.Release Standard P4|Win32.Build.0 = Release P4 Standard|Win32
		{6F9F2876-CE1A-4F94-877C-6EB063CFB3C0}.Release Standard P4|x64.ActiveCfg = Release P4 Standard|Win32
		{6F9F2876-CE1A-4F94-877C-6EB063CFB3C0}.Release test|Win32.ActiveCfg = Release P4 Standard|Win32
		{6F9F2876-CE1A-4F94-877C-6EB063CFB3C0}.Release test|Win32.Build.0 = Release P4 Standard|Win32
		{6F9F2876-CE1A-4F94-877C-6EB063CFB3C0}.Release test|x64.ActiveCfg = Release P4 Standard|Win32
		{6F9F2876-CE1A-4F94-877C-6EB063CFB3C0}.Release|Win32.ActiveCfg = Release|Win32
		{6F9F2876-CE1A-4F94-877C-6EB063CFB3C0}.Release|Win32.Build.0 = Release|Win32
		{6F9F2876-CE1A-4F94-877C-6EB063CFB3C0}.Release|x64.ActiveCfg = Release|Win32
		{E314627E-EB18-436A-BB39-CF84BEE25868}.Debug|Win32.ActiveCfg = Debug|Win32
		{E314627E-EB18-436A-BB39-CF84BEE25868}.Debug|Win32.Build.0 = Debug|Win32
		{E314627E-EB18-436A-BB39-CF84BEE25868}.Debug|x64.ActiveCfg = Debug|Win32
		{E314627E-EB18-436A-BB39-CF84BEE25868}.Regards Standard P4|Win32.ActiveCfg = Release es-ES|Win32
		{E314627E-EB18-436A-BB39-CF84BEE25868}.Regards Standard P4|Win32.Build.0 = Release es-ES|Win32
		{E314627E-EB18-436A-BB39-CF84BEE25868}.Regards Standard P4|x64.ActiveCfg = Release es-ES|Win32
		{E314627E-EB18-436A-BB39-CF84BEE25868}.Release Anglaise|Win32.ActiveCfg = Release es-ES|Win32
		{E314627E-EB18-436A-BB39-CF84BEE25868}.Release Anglaise|Win32.Build.0 = Release es-ES|Win32
		{E314627E-EB18-436A-BB39-CF84BEE25868}.Release Anglaise|x64.ActiveCfg = Release es-ES|Win32
		{E314627E-EB18-436A-BB39-CF84BEE25868}.Release English|Win32.ActiveCfg = Release en-US|Win32
		{E314627E-EB18-436A-BB39-CF84BEE25868}.Release English|Win32.Build.0 = Release en-US|Win32
		{E314627E-EB18-436A-BB39-CF84BEE25868}.Release English|x64.ActiveCfg = Release en-US|Win32
		{E314627E-EB18-436A-BB39-CF84BEE25868}.Release en-US|Win32.ActiveCfg = Release en-US|Win32
		{E314627E-EB18-436A-BB39-CF84BEE25868}.Release en-US|Win32.Build.0 = Release en-US|Win32
		{E314627E-EB18-436A-BB39-CF84BEE25868}.Release en-US|x64.ActiveCfg = Release en-US|Win32
		{E314627E-EB18-436A-BB39-CF84BEE25868}.Release es-ES|Win32.ActiveCfg = Release es-ES|Win32
		{E314627E-EB18-436A-BB39-CF84BEE25868}.Release es-ES|Win32.Build.0 = Release es-ES|Win32
		{E314627E-EB18-436A-BB39-CF84BEE25868}.Release es-ES|x64.ActiveCfg = Release es-ES|Win32
		{E314627E-EB18-436A-BB39-CF84BEE25868}.Release fr-FR|Win32.ActiveCfg = Release es-ES|Win32
		{E314627E-EB18-436A-BB39-CF84BEE25868}.Release fr-FR|Win32.Build.0 = Release es-ES|Win32
		{E314627E-EB18-436A-BB39-CF84BEE25868}.Release fr-FR|x64.ActiveCfg = Release es-ES|Win32
		{E314627E-EB18-436A-BB39-CF84BEE25868}.Release P4 Standard|Win32.ActiveCfg = Release es-ES|Win32
		{E314627E-EB18-436A-BB39-CF84BEE25868}.Release P4 Standard|Win32.Build.0 = Release es-ES|Win32
		{E314627E-EB18-436A-BB39-CF84BEE25868}.Release P4 Standard|x64.ActiveCfg = Release es-ES|Win32
		{E314627E-EB18-436A-BB39-CF84BEE25868}.Release SPANISH|Win32.ActiveCfg = Release es-ES|Win32
		{E314627E-EB18-436A-BB39-CF84BEE25868}.Release SPANISH|Win32.Build.0 = Release es-ES|Win32
		{E314627E-EB18-436A-BB39-CF84BEE25868}.Release SPANISH|x64.ActiveCfg = Release es-ES|Win32
		{E314627E-EB18-436A-BB39-CF84BEE25868}.Release Standard P4|Win32.ActiveCfg = Release es-ES|Win32
		{E314627E-EB18-436A-BB39-CF84BEE25868}.Release Standard P4|Win32.Build.0 = Release es-ES|Win32
		{E314627E-EB18-436A-BB39-CF84BEE25868}.Release Standard P4|x64.ActiveCfg = Release es-ES|Win32
		{E314627E-EB18-436A-BB39-CF84BEE25868}.Release test|Win32.ActiveCfg = Release es-ES|Win32
		{E314627E-EB18-436A-BB39-CF84BEE25868}.Release test|Win32.Build.0 = Release es-ES|Win32
		{E314627E-EB18-436A-BB39-CF84BEE25868}.Release test|x64.ActiveCfg = Release es-ES|Win32
		{E314627E-EB18-436A-BB39-CF84BEE25868}.Release|Win32.ActiveCfg = Release|Win32
		{E314627E-EB18-436A-BB39-CF84BEE25868}.Release|Win32.Build.0 = Release|Win32
		{E314627E-EB18-436A-BB39-CF84BEE25868}.Release|x64.ActiveCfg = Release|Win32
	EndGlobalSection
	GlobalSection(SolutionProperties) = preSolution
		HideSolutionNode = FALSE
	EndGlobalSection
	GlobalSection(NestedProjects) = preSolution
		{D9808E75-2AE0-8E9C-65AA-E6604A78884B} = {95503DA4-6FAD-4B51-8B91-CE5C857D6AE1}
		{BE636E7E-8DE5-FFC8-46A7-4E3F1AE172B1} = {95503DA4-6FAD-4B51-8B91-CE5C857D6AE1}
		{F30AE15C-24C2-7A67-A81A-527E46CF7A85} = {95503DA4-6FAD-4B51-8B91-CE5C857D6AE1}
		{7E4E477A-0E8F-7653-16C0-CAB69817877E} = {95503DA4-6FAD-4B51-8B91-CE5C857D6AE1}
		{043259E5-5E51-5FC8-6F0A-70CABC556F63} = {95503DA4-6FAD-4B51-8B91-CE5C857D6AE1}
		{B4BD55BC-929E-B58B-1C42-81B400A1FA94} = {95503DA4-6FAD-4B51-8B91-CE5C857D6AE1}
		{D4F8EF00-F111-4116-B61F-5514BE10ADA4} = {95503DA4-6FAD-4B51-8B91-CE5C857D6AE1}
		{D399662E-DB13-93D8-76B5-6DABFC652B1E} = {95503DA4-6FAD-4B51-8B91-CE5C857D6AE1}
		{F47E24AD-1976-72F4-EFB8-BAEC4175F080} = {95503DA4-6FAD-4B51-8B91-CE5C857D6AE1}
		{52DBA213-F889-4CCD-8AAD-BE79A5F62AF2} = {95503DA4-6FAD-4B51-8B91-CE5C857D6AE1}
		{19C8044C-E9F8-4F68-B97C-469B5E5C186C} = {95503DA4-6FAD-4B51-8B91-CE5C857D6AE1}
		{41517175-FAD2-4B93-B947-6C4F6B8445CE} = {95503DA4-6FAD-4B51-8B91-CE5C857D6AE1}
		{FC8A24C6-633B-4F89-AB08-F4383D41AE8D} = {95503DA4-6FAD-4B51-8B91-CE5C857D6AE1}
		{A5418A42-6C2C-49D4-8969-8E1212A7A3EE} = {95503DA4-6FAD-4B51-8B91-CE5C857D6AE1}
		{AE074263-E06D-4E09-A9BB-38FBC81CDDB1} = {95503DA4-6FAD-4B51-8B91-CE5C857D6AE1}
		{DA121169-6F3E-4F68-B6BC-2A2975EE7386} = {95503DA4-6FAD-4B51-8B91-CE5C857D6AE1}
		{9D2494B8-D59A-44E9-80C1-883A69FC24F3} = {95503DA4-6FAD-4B51-8B91-CE5C857D6AE1}
		{605F4BE7-E559-5FD3-C55E-F1A4D6BACD1A} = {4F72132E-312B-4560-92B4-8F4612656F1C}
		{8207FB9A-1DA6-3A43-C7DA-33FD95AE843F} = {4F72132E-312B-4560-92B4-8F4612656F1C}
		{4A04D38A-66F0-1257-9452-649A5DEBE7C6} = {4F72132E-312B-4560-92B4-8F4612656F1C}
		{7BEA582F-69D2-487E-AE37-B3CF399B1734} = {4F72132E-312B-4560-92B4-8F4612656F1C}
		{27F7A3DE-A542-1FBB-9750-AF54B86C9B77} = {4F72132E-312B-4560-92B4-8F4612656F1C}
		{89E70DEE-2BF5-4852-9E0C-8F1671F63BBB} = {4F72132E-312B-4560-92B4-8F4612656F1C}
		{4CFEFB82-C34D-4D3F-B21D-95F288555B19} = {4F72132E-312B-4560-92B4-8F4612656F1C}
		{6F9F2876-CE1A-4F94-877C-6EB063CFB3C0} = {4F72132E-312B-4560-92B4-8F4612656F1C}
		{E314627E-EB18-436A-BB39-CF84BEE25868} = {95503DA4-6FAD-4B51-8B91-CE5C857D6AE1}
	EndGlobalSection
	GlobalSection(ExtensibilityGlobals) = postSolution
		SolutionGuid = {B31B3EBB-50A5-472E-B1B1-1A8A35598152}
	EndGlobalSection
EndGlobal
