<?xml version="1.0" encoding="utf-8"?>
<Project ToolsVersion="4.0" xmlns="http://schemas.microsoft.com/developer/msbuild/2003">
  <ItemGroup>
    <Filter Include="Source Files">
      <UniqueIdentifier>{4FC737F1-C7A5-4376-A066-2A32D752A2FF}</UniqueIdentifier>
      <Extensions>cpp;c;cxx;def;odl;idl;hpj;bat;asm;asmx</Extensions>
    </Filter>
    <Filter Include="Header Files">
      <UniqueIdentifier>{93995380-89BD-4b04-88EB-625FBE52EBFB}</UniqueIdentifier>
      <Extensions>h;hpp;hxx;hm;inl;inc;xsd</Extensions>
    </Filter>
    <Filter Include="Resource Files">
      <UniqueIdentifier>{67DA6AB6-F800-4c08-8B7A-83BB121AAD01}</UniqueIdentifier>
      <Extensions>rc;ico;cur;bmp;dlg;rc2;rct;bin;rgs;gif;jpg;jpeg;jpe;resx</Extensions>
    </Filter>
  </ItemGroup>
  <ItemGroup>
    <ClCompile Include="AboutDialog.cpp">
      <Filter>Source Files</Filter>
    </ClCompile>
    <ClCompile Include="AlbumCritereNotify.cpp">
      <Filter>Source Files</Filter>
    </ClCompile>
    <ClCompile Include="Association.cpp">
      <Filter>Source Files</Filter>
    </ClCompile>
    <ClCompile Include="AttributData.cpp">
      <Filter>Source Files</Filter>
    </ClCompile>
    <ClCompile Include="AttributFichier.cpp">
      <Filter>Source Files</Filter>
    </ClCompile>
    <ClCompile Include="AttributRepertoire.cpp">
      <Filter>Source Files</Filter>
    </ClCompile>
    <ClCompile Include="BrightContDialog.cpp">
      <Filter>Source Files</Filter>
    </ClCompile>
    <ClCompile Include="CloudsBox.cpp">
      <Filter>Source Files</Filter>
    </ClCompile>
    <ClCompile Include="ColorBoxPicker.cpp">
      <Filter>Source Files</Filter>
    </ClCompile>
    <ClCompile Include="ConversionFichier.cpp">
      <Filter>Source Files</Filter>
    </ClCompile>
    <ClCompile Include="ConvertEtRenommage.cpp">
      <Filter>Source Files</Filter>
    </ClCompile>
    <ClCompile Include="DefineSizeIcone.cpp">
      <Filter>Source Files</Filter>
    </ClCompile>
    <ClCompile Include="DeplaceFichier.cpp">
      <Filter>Source Files</Filter>
    </ClCompile>
    <ClCompile Include="DialogFindProc.cpp">
      <Filter>Source Files</Filter>
    </ClCompile>
    <ClCompile Include="Diaporama.cpp">
      <Filter>Source Files</Filter>
    </ClCompile>
    <ClCompile Include="EditRedirector.cpp">
      <Filter>Source Files</Filter>
    </ClCompile>
    <ClCompile Include="EffetDialog.cpp">
      <Filter>Source Files</Filter>
    </ClCompile>
    <ClCompile Include="FiltreDialog.cpp">
      <Filter>Source Files</Filter>
    </ClCompile>
    <ClCompile Include="FreeRotatePicture.cpp">
      <Filter>Source Files</Filter>
    </ClCompile>
    <ClCompile Include="GestionCategorie.cpp">
      <Filter>Source Files</Filter>
    </ClCompile>
    <ClCompile Include="HistorgrammeDialog.cpp">
      <Filter>Source Files</Filter>
    </ClCompile>
    <ClCompile Include="ImageCatRechDialog.cpp">
      <Filter>Source Files</Filter>
    </ClCompile>
    <ClCompile Include="Insertalbum.cpp">
      <Filter>Source Files</Filter>
    </ClCompile>
    <ClCompile Include="InsertCatalog.cpp">
      <Filter>Source Files</Filter>
    </ClCompile>
    <ClCompile Include="JpegSaving.cpp">
      <Filter>Source Files</Filter>
    </ClCompile>
    <ClCompile Include="LancerRechercher.cpp">
      <Filter>Source Files</Filter>
    </ClCompile>
    <ClCompile Include="LensFlare.cpp">
      <Filter>Source Files</Filter>
    </ClCompile>
    <ClCompile Include="LensFlareData.cpp">
      <Filter>Source Files</Filter>
    </ClCompile>
    <ClCompile Include="MotionBlur.cpp">
      <Filter>Source Files</Filter>
    </ClCompile>
    <ClCompile Include="NewAlbum.cpp">
      <Filter>Source Files</Filter>
    </ClCompile>
    <ClCompile Include="PhotoFiltre.cpp">
      <Filter>Source Files</Filter>
    </ClCompile>
    <ClCompile Include="RechercherCatalog.cpp">
      <Filter>Source Files</Filter>
    </ClCompile>
    <ClCompile Include="RedimWorkSpace.cpp">
      <Filter>Source Files</Filter>
    </ClCompile>
    <ClCompile Include="Redirector.cpp">
      <Filter>Source Files</Filter>
    </ClCompile>
    <ClCompile Include="ResizeWindow.cpp">
      <Filter>Source Files</Filter>
    </ClCompile>
    <ClCompile Include="RGBDialog.cpp">
      <Filter>Source Files</Filter>
    </ClCompile>
    <ClCompile Include="SelectAlbum.cpp">
      <Filter>Source Files</Filter>
    </ClCompile>
    <ClCompile Include="SelectBurner.cpp">
      <Filter>Source Files</Filter>
    </ClCompile>
    <ClCompile Include="stdafx.cpp">
      <Filter>Source Files</Filter>
    </ClCompile>
    <ClCompile Include="WienerFilter.cpp">
      <Filter>Source Files</Filter>
    </ClCompile>
    <ClCompile Include="ZipFileDialog.cpp">
      <Filter>Source Files</Filter>
    </ClCompile>
  </ItemGroup>
  <ItemGroup>
    <ClInclude Include="AboutDialog.h">
      <Filter>Header Files</Filter>
    </ClInclude>
    <ClInclude Include="AlbumCritereNotify.h">
      <Filter>Header Files</Filter>
    </ClInclude>
    <ClInclude Include="Association.h">
      <Filter>Header Files</Filter>
    </ClInclude>
    <ClInclude Include="AttributData.h">
      <Filter>Header Files</Filter>
    </ClInclude>
    <ClInclude Include="AttributFichier.h">
      <Filter>Header Files</Filter>
    </ClInclude>
    <ClInclude Include="AttributRepertoire.h">
      <Filter>Header Files</Filter>
    </ClInclude>
    <ClInclude Include="BrightContDialog.h">
      <Filter>Header Files</Filter>
    </ClInclude>
    <ClInclude Include="CloudsBox.h">
      <Filter>Header Files</Filter>
    </ClInclude>
    <ClInclude Include="ColorBoxPicker.h">
      <Filter>Header Files</Filter>
    </ClInclude>
    <ClInclude Include="ConversionFichier.h">
      <Filter>Header Files</Filter>
    </ClInclude>
    <ClInclude Include="ConvertEtRenommage.h">
      <Filter>Header Files</Filter>
    </ClInclude>
    <ClInclude Include="DefineSizeIcone.h">
      <Filter>Header Files</Filter>
    </ClInclude>
    <ClInclude Include="DeplaceFichier.h">
      <Filter>Header Files</Filter>
    </ClInclude>
    <ClInclude Include="DialogFindProc.h">
      <Filter>Header Files</Filter>
    </ClInclude>
    <ClInclude Include="Diaporama.h">
      <Filter>Header Files</Filter>
    </ClInclude>
    <ClInclude Include="EditRedirector.h">
      <Filter>Header Files</Filter>
    </ClInclude>
    <ClInclude Include="EffetDialog.h">
      <Filter>Header Files</Filter>
    </ClInclude>
    <ClInclude Include="FiltreDialog.h">
      <Filter>Header Files</Filter>
    </ClInclude>
    <ClInclude Include="FreeRotatePicture.h">
      <Filter>Header Files</Filter>
    </ClInclude>
    <ClInclude Include="GestionCategorie.h">
      <Filter>Header Files</Filter>
    </ClInclude>
    <ClInclude Include="HistorgrammeDialog.h">
      <Filter>Header Files</Filter>
    </ClInclude>
    <ClInclude Include="ImageCatRechDialog.h">
      <Filter>Header Files</Filter>
    </ClInclude>
    <ClInclude Include="Insertalbum.h">
      <Filter>Header Files</Filter>
    </ClInclude>
    <ClInclude Include="InsertCatalog.h">
      <Filter>Header Files</Filter>
    </ClInclude>
    <ClInclude Include="JpegSaving.h">
      <Filter>Header Files</Filter>
    </ClInclude>
    <ClInclude Include="LancerRechercher.h">
      <Filter>Header Files</Filter>
    </ClInclude>
    <ClInclude Include="LensFlare.h">
      <Filter>Header Files</Filter>
    </ClInclude>
    <ClInclude Include="LensFlareData.h">
      <Filter>Header Files</Filter>
    </ClInclude>
    <ClInclude Include="MotionBlur.h">
      <Filter>Header Files</Filter>
    </ClInclude>
    <ClInclude Include="NewAlbum.h">
      <Filter>Header Files</Filter>
    </ClInclude>
    <ClInclude Include="PhotoFiltre.h">
      <Filter>Header Files</Filter>
    </ClInclude>
    <ClInclude Include="RechercherCatalog.h">
      <Filter>Header Files</Filter>
    </ClInclude>
    <ClInclude Include="RedimWorkSpace.h">
      <Filter>Header Files</Filter>
    </ClInclude>
    <ClInclude Include="Redirector.h">
      <Filter>Header Files</Filter>
    </ClInclude>
    <ClInclude Include="ResizeWindow.h">
      <Filter>Header Files</Filter>
    </ClInclude>
    <ClInclude Include="RGBDialog.h">
      <Filter>Header Files</Filter>
    </ClInclude>
    <ClInclude Include="SelectAlbum.h">
      <Filter>Header Files</Filter>
    </ClInclude>
    <ClInclude Include="SelectBurner.h">
      <Filter>Header Files</Filter>
    </ClInclude>
    <ClInclude Include="stdafx.h">
      <Filter>Header Files</Filter>
    </ClInclude>
    <ClInclude Include="WienerFilter.h">
      <Filter>Header Files</Filter>
    </ClInclude>
    <ClInclude Include="ZipFileDialog.h">
      <Filter>Header Files</Filter>
    </ClInclude>
  </ItemGroup>
  <ItemGroup>
    <None Include="ReadMe.txt" />
  </ItemGroup>
</Project>