<?xml version="1.0" encoding="utf-8"?>
<Project ToolsVersion="4.0" xmlns="http://schemas.microsoft.com/developer/msbuild/2003">
  <ItemGroup>
    <Filter Include="Source Files">
      <UniqueIdentifier>{652ec5f6-ed4e-4a83-90f4-70e4a119da48}</UniqueIdentifier>
      <Extensions>cpp;c;cxx;rc;def;r;odl;idl;hpj;bat</Extensions>
    </Filter>
    <Filter Include="Header Files">
      <UniqueIdentifier>{6bcb6ccc-fc87-4f62-be98-c1a072870577}</UniqueIdentifier>
      <Extensions>h;hpp;hxx;hm;inl</Extensions>
    </Filter>
  </ItemGroup>
  <ItemGroup>
    <ClCompile Include="FFT.cpp">
      <Filter>Source Files</Filter>
    </ClCompile>
    <ClCompile Include="MP3.cpp">
      <Filter>Source Files</Filter>
    </ClCompile>
    <ClCompile Include="MP3Input.cpp">
      <Filter>Source Files</Filter>
    </ClCompile>
  </ItemGroup>
  <ItemGroup>
    <ClInclude Include="MP3.h">
      <Filter>Header Files</Filter>
    </ClInclude>
    <ClInclude Include="mp3dec.h">
      <Filter>Header Files</Filter>
    </ClInclude>
    <ClInclude Include="MP3Input.h">
      <Filter>Header Files</Filter>
    </ClInclude>
    <ClInclude Include="MP3Output.h">
      <Filter>Header Files</Filter>
    </ClInclude>
  </ItemGroup>
</Project>