<?xml version="1.0" encoding="utf-8"?>
<Project ToolsVersion="4.0" xmlns="http://schemas.microsoft.com/developer/msbuild/2003">
  <ItemGroup>
    <Filter Include="Source Files">
      <UniqueIdentifier>{15895c0e-53d3-48c3-8679-f3c4d22753cb}</UniqueIdentifier>
      <Extensions>cpp;c;cxx;rc;def;r;odl;idl;hpj;bat</Extensions>
    </Filter>
    <Filter Include="Header Files">
      <UniqueIdentifier>{2b05540e-d6af-4f60-b0a8-19b52f92a53c}</UniqueIdentifier>
      <Extensions>h;hpp;hxx;hm;inl</Extensions>
    </Filter>
    <Filter Include="lib">
      <UniqueIdentifier>{541a668b-bf1f-4ba4-9d40-702ff4b4d605}</UniqueIdentifier>
    </Filter>
  </ItemGroup>
  <ItemGroup>
    <ClCompile Include="Avi.cpp">
      <Filter>Source Files</Filter>
    </ClCompile>
    <ClCompile Include="Bmp.cpp">
      <Filter>Source Files</Filter>
    </ClCompile>
    <ClCompile Include="CameraRaw.cpp">
      <Filter>Source Files</Filter>
    </ClCompile>
    <ClCompile Include="CPCD.cpp">
      <Filter>Source Files</Filter>
    </ClCompile>
    <ClCompile Include="cpng.cpp">
      <Filter>Source Files</Filter>
    </ClCompile>
    <ClCompile Include="cTiff.cpp">
      <Filter>Source Files</Filter>
    </ClCompile>
    <ClCompile Include="Dib.cpp">
      <Filter>Source Files</Filter>
    </ClCompile>
    <ClCompile Include="EXIF.CPP">
      <Filter>Source Files</Filter>
    </ClCompile>
    <ClCompile Include="Gif.cpp">
      <Filter>Source Files</Filter>
    </ClCompile>
    <ClCompile Include="Image.cpp">
      <Filter>Source Files</Filter>
    </ClCompile>
    <ClCompile Include="jpeg2000.cpp">
      <Filter>Source Files</Filter>
    </ClCompile>
    <ClCompile Include="Jpegfile.cpp">
      <Filter>Source Files</Filter>
    </ClCompile>
    <ClCompile Include="LoadPicture.cpp">
      <Filter>Source Files</Filter>
    </ClCompile>
    <ClCompile Include="Pcx.cpp">
      <Filter>Source Files</Filter>
    </ClCompile>
    <ClCompile Include="Pdf.cpp">
      <Filter>Source Files</Filter>
    </ClCompile>
    <ClCompile Include="Ppm.cpp">
      <Filter>Source Files</Filter>
    </ClCompile>
    <ClCompile Include="Psd.cpp">
      <Filter>Source Files</Filter>
    </ClCompile>
    <ClCompile Include="stdafx.cpp">
      <Filter>Source Files</Filter>
    </ClCompile>
    <ClCompile Include="Tga.cpp">
      <Filter>Source Files</Filter>
    </ClCompile>
    <ClCompile Include="TwainCpp.cpp">
      <Filter>Source Files</Filter>
    </ClCompile>
  </ItemGroup>
  <ItemGroup>
    <ClInclude Include="Avi.h">
      <Filter>Header Files</Filter>
    </ClInclude>
    <ClInclude Include="Bmp.h">
      <Filter>Header Files</Filter>
    </ClInclude>
    <ClInclude Include="CameraRaw.h">
      <Filter>Header Files</Filter>
    </ClInclude>
    <ClInclude Include="CPCD.h">
      <Filter>Header Files</Filter>
    </ClInclude>
    <ClInclude Include="cpng.h">
      <Filter>Header Files</Filter>
    </ClInclude>
    <ClInclude Include="cTiff.h">
      <Filter>Header Files</Filter>
    </ClInclude>
    <ClInclude Include="Dib.h">
      <Filter>Header Files</Filter>
    </ClInclude>
    <ClInclude Include="EXIF.H">
      <Filter>Header Files</Filter>
    </ClInclude>
    <ClInclude Include="Gif.h">
      <Filter>Header Files</Filter>
    </ClInclude>
    <ClInclude Include="Image.h">
      <Filter>Header Files</Filter>
    </ClInclude>
    <ClInclude Include="jpeg2000.h">
      <Filter>Header Files</Filter>
    </ClInclude>
    <ClInclude Include="Jpegfile.h">
      <Filter>Header Files</Filter>
    </ClInclude>
    <ClInclude Include="LoadPicture.h">
      <Filter>Header Files</Filter>
    </ClInclude>
    <ClInclude Include="Pcx.h">
      <Filter>Header Files</Filter>
    </ClInclude>
    <ClInclude Include="Pdf.h">
      <Filter>Header Files</Filter>
    </ClInclude>
    <ClInclude Include="Ppm.h">
      <Filter>Header Files</Filter>
    </ClInclude>
    <ClInclude Include="Psd.h">
      <Filter>Header Files</Filter>
    </ClInclude>
    <ClInclude Include="psd_load_src.h">
      <Filter>Header Files</Filter>
    </ClInclude>
    <ClInclude Include="stdafx.h">
      <Filter>Header Files</Filter>
    </ClInclude>
    <ClInclude Include="Tga.h">
      <Filter>Header Files</Filter>
    </ClInclude>
    <ClInclude Include="twain.h">
      <Filter>Header Files</Filter>
    </ClInclude>
    <ClInclude Include="TwainCpp.h">
      <Filter>Header Files</Filter>
    </ClInclude>
  </ItemGroup>
  <ItemGroup>
    <None Include="VTune\importpic.vpj" />
  </ItemGroup>
</Project>