<?xml version="1.0" encoding="utf-8"?>
<Project ToolsVersion="4.0" xmlns="http://schemas.microsoft.com/developer/msbuild/2003">
  <ItemGroup>
    <Filter Include="Fichiers sources">
      <UniqueIdentifier>{4FC737F1-C7A5-4376-A066-2A32D752A2FF}</UniqueIdentifier>
      <Extensions>cpp;c;cc;cxx;c++;cppm;ixx;def;odl;idl;hpj;bat;asm;asmx</Extensions>
    </Filter>
    <Filter Include="Fichiers d%27en-tête">
      <UniqueIdentifier>{93995380-89BD-4b04-88EB-625FBE52EBFB}</UniqueIdentifier>
      <Extensions>h;hh;hpp;hxx;h++;hm;inl;inc;ipp;xsd</Extensions>
    </Filter>
    <Filter Include="Fichiers de ressources">
      <UniqueIdentifier>{67DA6AB6-F800-4c08-8B7A-83BB121AAD01}</UniqueIdentifier>
      <Extensions>rc;ico;cur;bmp;dlg;rc2;rct;bin;rgs;gif;jpg;jpeg;jpe;resx;tiff;tif;png;wav;mfcribbon-ms</Extensions>
    </Filter>
    <Filter Include="lib">
      <UniqueIdentifier>{cf3f6934-2fc1-4f79-988c-26b42feddff0}</UniqueIdentifier>
    </Filter>
  </ItemGroup>
  <ItemGroup>
    <ClInclude Include="targetver.h">
      <Filter>Fichiers d%27en-tête</Filter>
    </ClInclude>
    <ClInclude Include="Resource.h">
      <Filter>Fichiers d%27en-tête</Filter>
    </ClInclude>
  </ItemGroup>
  <ItemGroup>
    <ClCompile Include="RegardsViewer.cpp">
      <Filter>Fichiers sources</Filter>
    </ClCompile>
  </ItemGroup>
  <ItemGroup>
    <ResourceCompile Include="Script1.rc">
      <Filter>Fichiers de ressources</Filter>
    </ResourceCompile>
  </ItemGroup>
  <ItemGroup>
    <None Include="xptheme.bin">
      <Filter>Fichiers de ressources</Filter>
    </None>
    <None Include="res\cursor\arrow.cur">
      <Filter>Fichiers de ressources</Filter>
    </None>
    <None Include="res\cursor\nodrop.cur">
      <Filter>Fichiers de ressources</Filter>
    </None>
    <None Include="res\cursor\pointer.cur">
      <Filter>Fichiers de ressources</Filter>
    </None>
    <None Include="res\cursor\cursor2.cur">
      <Filter>Fichiers de ressources</Filter>
    </None>
    <None Include="res\cursor\hmove.cur">
      <Filter>Fichiers de ressources</Filter>
    </None>
    <None Include="res\cursor\cur00001.cur">
      <Filter>Fichiers de ressources</Filter>
    </None>
    <None Include="res\cursor\cur00002.cur">
      <Filter>Fichiers de ressources</Filter>
    </None>
    <None Include="res\js\en\agent.js" />
    <None Include="res\js\en\gs_date.js" />
    <None Include="res\html\en\htmlexif2.htm" />
    <None Include="res\html\en\recherche.htm" />
    <None Include="res\xptheme.bin">
      <Filter>Fichiers de ressources</Filter>
    </None>
    <None Include="res\js\agent.js" />
    <None Include="res\js\gst_date.js" />
    <None Include="res\html\recherche.htm" />
    <None Include="res\html\htmlinfos.htm" />
    <None Include="res\html\htmlexif2.htm" />
    <None Include="res\js\es\agent.js" />
    <None Include="res\js\es\gs_date.js" />
    <None Include="res\html\es\recherche.htm" />
    <None Include="res\html\es\htmlexif2.htm" />
  </ItemGroup>
  <ItemGroup>
    <Library Include="..\lib\ijl15l.lib">
      <Filter>lib</Filter>
    </Library>
    <Library Include="..\lib\mp3dec.lib">
      <Filter>lib</Filter>
    </Library>
    <Library Include="..\lib\zlib.lib">
      <Filter>lib</Filter>
    </Library>
  </ItemGroup>
  <ItemGroup>
    <Image Include="res\bitmap\bmp00003.bmp">
      <Filter>Fichiers de ressources</Filter>
    </Image>
    <Image Include="res\bitmap\bmp00004.bmp">
      <Filter>Fichiers de ressources</Filter>
    </Image>
    <Image Include="res\bitmap\catalogue.bmp">
      <Filter>Fichiers de ressources</Filter>
    </Image>
    <Image Include="res\bitmap\Font.bmp">
      <Filter>Fichiers de ressources</Filter>
    </Image>
    <Image Include="res\bitmap\regards intro.bmp">
      <Filter>Fichiers de ressources</Filter>
    </Image>
    <Image Include="res\bitmap\picture.bmp">
      <Filter>Fichiers de ressources</Filter>
    </Image>
    <Image Include="res\bitmap\folder.bmp">
      <Filter>Fichiers de ressources</Filter>
    </Image>
    <Image Include="res\bitmap\album.bmp">
      <Filter>Fichiers de ressources</Filter>
    </Image>
    <Image Include="res\bitmap\album2.bmp">
      <Filter>Fichiers de ressources</Filter>
    </Image>
    <Image Include="res\bitmap\propriete.bmp">
      <Filter>Fichiers de ressources</Filter>
    </Image>
    <Image Include="res\bitmap\recherche.bmp">
      <Filter>Fichiers de ressources</Filter>
    </Image>
    <Image Include="res\bitmap\bmp00001.bmp">
      <Filter>Fichiers de ressources</Filter>
    </Image>
    <Image Include="res\bitmap\bmp00002.bmp">
      <Filter>Fichiers de ressources</Filter>
    </Image>
    <Image Include="res\bitmap\baner256.bmp">
      <Filter>Fichiers de ressources</Filter>
    </Image>
    <Image Include="res\bitmap\bitmap_gauche.bmp">
      <Filter>Fichiers de ressources</Filter>
    </Image>
    <Image Include="res\bitmap\main_hot.bmp">
      <Filter>Fichiers de ressources</Filter>
    </Image>
    <Image Include="res\bitmap\bitmap1.bmp">
      <Filter>Fichiers de ressources</Filter>
    </Image>
    <Image Include="res\bitmap\iconezip.bmp">
      <Filter>Fichiers de ressources</Filter>
    </Image>
    <Image Include="res\skin\Selected.bmp">
      <Filter>Fichiers de ressources</Filter>
    </Image>
    <Image Include="res\skin\Main.bmp">
      <Filter>Fichiers de ressources</Filter>
    </Image>
    <Image Include="res\skin\Mask.bmp">
      <Filter>Fichiers de ressources</Filter>
    </Image>
    <Image Include="res\player\icone_player.bmp">
      <Filter>Fichiers de ressources</Filter>
    </Image>
    <Image Include="res\bitmap\appareilphoto.bmp">
      <Filter>Fichiers de ressources</Filter>
    </Image>
    <Image Include="res\bitmap\traitement2.bmp">
      <Filter>Fichiers de ressources</Filter>
    </Image>
    <Image Include="res\bitmap\mainfram.bmp">
      <Filter>Fichiers de ressources</Filter>
    </Image>
    <Image Include="res\bitmap\bmp00005.bmp">
      <Filter>Fichiers de ressources</Filter>
    </Image>
    <Image Include="res\gif\onglet.gif">
      <Filter>Fichiers de ressources</Filter>
    </Image>
    <Image Include="res\ico\logoregard.ico">
      <Filter>Fichiers de ressources</Filter>
    </Image>
    <Image Include="res\ico\catalogue.ico">
      <Filter>Fichiers de ressources</Filter>
    </Image>
    <Image Include="res\ico\album.ico">
      <Filter>Fichiers de ressources</Filter>
    </Image>
    <Image Include="res\ico\logoregard_small.ico">
      <Filter>Fichiers de ressources</Filter>
    </Image>
  </ItemGroup>
</Project>