<?xml version="1.0" encoding="utf-8"?>
<Project ToolsVersion="4.0" xmlns="http://schemas.microsoft.com/developer/msbuild/2003">
  <ItemGroup>
    <Filter Include="Header Files">
      <UniqueIdentifier>{b0f1ef97-6509-43ab-b5e0-f2e7fe294086}</UniqueIdentifier>
      <Extensions>h;hpp;hxx;hm;inl</Extensions>
    </Filter>
    <Filter Include="Source Files">
      <UniqueIdentifier>{29c2f139-da95-4ef2-9201-cd38737a2fff}</UniqueIdentifier>
      <Extensions>cpp;c;cxx;rc;def;r;odl;idl;hpj;bat</Extensions>
    </Filter>
  </ItemGroup>
  <ItemGroup>
    <ClInclude Include="AlbumData.h">
      <Filter>Header Files</Filter>
    </ClInclude>
    <ClInclude Include="Attribut.h">
      <Filter>Header Files</Filter>
    </ClInclude>
    <ClInclude Include="CatalogueData.h">
      <Filter>Header Files</Filter>
    </ClInclude>
    <ClInclude Include="ConvertData.h">
      <Filter>Header Files</Filter>
    </ClInclude>
    <ClInclude Include="DefineRepMonitor.h">
      <Filter>Header Files</Filter>
    </ClInclude>
    <ClInclude Include="DeplaceFile.h">
      <Filter>Header Files</Filter>
    </ClInclude>
    <ClInclude Include="DialogCatalogueData.h">
      <Filter>Header Files</Filter>
    </ClInclude>
    <ClInclude Include="IconeFile.h">
      <Filter>Header Files</Filter>
    </ClInclude>
    <ClInclude Include="ItemInfo.h">
      <Filter>Header Files</Filter>
    </ClInclude>
    <ClInclude Include="ListPreviewAff.h">
      <Filter>Header Files</Filter>
    </ClInclude>
    <ClInclude Include="MargeData.h">
      <Filter>Header Files</Filter>
    </ClInclude>
    <ClInclude Include="PrintPreviewData.h">
      <Filter>Header Files</Filter>
    </ClInclude>
    <ClInclude Include="SADirEntry.h">
      <Filter>Header Files</Filter>
    </ClInclude>
    <ClInclude Include="SAFileEntry.h">
      <Filter>Header Files</Filter>
    </ClInclude>
    <ClInclude Include="stdafx.h">
      <Filter>Header Files</Filter>
    </ClInclude>
    <ClInclude Include="TraitementInstance.h">
      <Filter>Header Files</Filter>
    </ClInclude>
  </ItemGroup>
  <ItemGroup>
    <ClCompile Include="AlbumData.cpp">
      <Filter>Source Files</Filter>
    </ClCompile>
    <ClCompile Include="Attribut.cpp">
      <Filter>Source Files</Filter>
    </ClCompile>
    <ClCompile Include="CatalogueData.cpp">
      <Filter>Source Files</Filter>
    </ClCompile>
    <ClCompile Include="ConvertData.cpp">
      <Filter>Source Files</Filter>
    </ClCompile>
    <ClCompile Include="DefineRepMonitor.cpp">
      <Filter>Source Files</Filter>
    </ClCompile>
    <ClCompile Include="DeplaceFile.cpp">
      <Filter>Source Files</Filter>
    </ClCompile>
    <ClCompile Include="DialogCatalogueData.cpp">
      <Filter>Source Files</Filter>
    </ClCompile>
    <ClCompile Include="IconeFile.cpp">
      <Filter>Source Files</Filter>
    </ClCompile>
    <ClCompile Include="ItemInfo.cpp">
      <Filter>Source Files</Filter>
    </ClCompile>
    <ClCompile Include="ListPreviewAff.cpp">
      <Filter>Source Files</Filter>
    </ClCompile>
    <ClCompile Include="MargeData.cpp">
      <Filter>Source Files</Filter>
    </ClCompile>
    <ClCompile Include="PrintPreviewData.cpp">
      <Filter>Source Files</Filter>
    </ClCompile>
    <ClCompile Include="SADirEntry.cpp">
      <Filter>Source Files</Filter>
    </ClCompile>
    <ClCompile Include="SAFileEntry.cpp">
      <Filter>Source Files</Filter>
    </ClCompile>
    <ClCompile Include="stdafx.cpp">
      <Filter>Source Files</Filter>
    </ClCompile>
    <ClCompile Include="TraitementInstance.cpp">
      <Filter>Source Files</Filter>
    </ClCompile>
  </ItemGroup>
</Project>