<?xml version="1.0" encoding="utf-8"?>
<Project ToolsVersion="4.0" xmlns="http://schemas.microsoft.com/developer/msbuild/2003">
  <ItemGroup>
    <Filter Include="Source Files">
      <UniqueIdentifier>{afb39ace-370d-47b4-8471-c184e81b8ab0}</UniqueIdentifier>
      <Extensions>cpp;c;cxx;rc;def;r;odl;idl;hpj;bat</Extensions>
    </Filter>
    <Filter Include="Header Files">
      <UniqueIdentifier>{b0052603-7697-463d-80df-6324a3c3491b}</UniqueIdentifier>
      <Extensions>h;hpp;hxx;hm;inl</Extensions>
    </Filter>
    <Filter Include="resource">
      <UniqueIdentifier>{c3e887f4-4c57-43db-9122-7d602ed22829}</UniqueIdentifier>
    </Filter>
  </ItemGroup>
  <ItemGroup>
    <ClCompile Include="C2PassScale.cpp">
      <Filter>Source Files</Filter>
    </ClCompile>
    <ClCompile Include="Color.cpp">
      <Filter>Source Files</Filter>
    </ClCompile>
    <ClCompile Include="Dessin.cpp">
      <Filter>Source Files</Filter>
    </ClCompile>
    <ClCompile Include="DialogFiltreEffet.cpp">
      <Filter>Source Files</Filter>
    </ClCompile>
    <ClCompile Include="Effet.cpp">
      <Filter>Source Files</Filter>
    </ClCompile>
    <ClCompile Include="Fast2PassScale.cpp">
      <Filter>Source Files</Filter>
    </ClCompile>
    <ClCompile Include="Filtre.cpp">
      <Filter>Source Files</Filter>
    </ClCompile>
    <ClCompile Include="FiltrePrv.cpp">
      <Filter>Source Files</Filter>
    </ClCompile>
    <ClCompile Include="Histogramme.cpp">
      <Filter>Source Files</Filter>
    </ClCompile>
    <ClCompile Include="IBitmap.cpp">
      <Filter>Source Files</Filter>
    </ClCompile>
    <ClCompile Include="ImageScale.cpp">
      <Filter>Source Files</Filter>
    </ClCompile>
    <ClCompile Include="perlin.cpp">
      <Filter>Source Files</Filter>
    </ClCompile>
    <ClCompile Include="PerlinNoise.cpp">
      <Filter>Source Files</Filter>
    </ClCompile>
    <ClCompile Include="ScaleBitmap.cpp">
      <Filter>Source Files</Filter>
    </ClCompile>
    <ClCompile Include="ScaleBitmapInt.cpp">
      <Filter>Source Files</Filter>
    </ClCompile>
    <ClCompile Include="stdafx.cpp">
      <Filter>Source Files</Filter>
    </ClCompile>
  </ItemGroup>
  <ItemGroup>
    <ClInclude Include="C2PassScale.h">
      <Filter>Header Files</Filter>
    </ClInclude>
    <ClInclude Include="Color.h">
      <Filter>Header Files</Filter>
    </ClInclude>
    <ClInclude Include="Dessin.h">
      <Filter>Header Files</Filter>
    </ClInclude>
    <ClInclude Include="DialogFiltreEffet.h">
      <Filter>Header Files</Filter>
    </ClInclude>
    <ClInclude Include="Effet.h">
      <Filter>Header Files</Filter>
    </ClInclude>
    <ClInclude Include="Fast2PassScale.h">
      <Filter>Header Files</Filter>
    </ClInclude>
    <ClInclude Include="Filters.h">
      <Filter>Header Files</Filter>
    </ClInclude>
    <ClInclude Include="Filtre.h">
      <Filter>Header Files</Filter>
    </ClInclude>
    <ClInclude Include="FiltrePrv.h">
      <Filter>Header Files</Filter>
    </ClInclude>
    <ClInclude Include="floattoint.h">
      <Filter>Header Files</Filter>
    </ClInclude>
    <ClInclude Include="Histogramme.h">
      <Filter>Header Files</Filter>
    </ClInclude>
    <ClInclude Include="IBitmap.h">
      <Filter>Header Files</Filter>
    </ClInclude>
    <ClInclude Include="ImageScale.h">
      <Filter>Header Files</Filter>
    </ClInclude>
    <ClInclude Include="perlin.h">
      <Filter>Header Files</Filter>
    </ClInclude>
    <ClInclude Include="PerlinNoise.h">
      <Filter>Header Files</Filter>
    </ClInclude>
    <ClInclude Include="RotateByShear.h">
      <Filter>Header Files</Filter>
    </ClInclude>
    <ClInclude Include="RotateByShearRGB.h">
      <Filter>Header Files</Filter>
    </ClInclude>
    <ClInclude Include="ScaleBitmap.h">
      <Filter>Header Files</Filter>
    </ClInclude>
    <ClInclude Include="ScaleBitmapInt.h">
      <Filter>Header Files</Filter>
    </ClInclude>
    <ClInclude Include="stdafx.h">
      <Filter>Header Files</Filter>
    </ClInclude>
    <ClInclude Include="transfoasm.h">
      <Filter>Header Files</Filter>
    </ClInclude>
  </ItemGroup>
</Project>