<?xml version="1.0" encoding="utf-8"?>
<Project ToolsVersion="4.0" xmlns="http://schemas.microsoft.com/developer/msbuild/2003">
  <ItemGroup>
    <Filter Include="Source Files">
      <UniqueIdentifier>{702f58c7-822b-4faf-ab6f-751d8336a042}</UniqueIdentifier>
      <Extensions>cpp;c;cxx;rc;def;r;odl;idl;hpj;bat</Extensions>
    </Filter>
    <Filter Include="Header Files">
      <UniqueIdentifier>{5839d81e-5854-41db-acd4-9d0ec8d9cf87}</UniqueIdentifier>
      <Extensions>h;hpp;hxx;hm;inl</Extensions>
    </Filter>
  </ItemGroup>
  <ItemGroup>
    <ClCompile Include="CreateDialog.cpp">
      <Filter>Source Files</Filter>
    </ClCompile>
    <ClCompile Include="Edit.cpp">
      <Filter>Source Files</Filter>
    </ClCompile>
    <ClCompile Include="LocalDialog.cpp">
      <Filter>Source Files</Filter>
    </ClCompile>
    <ClCompile Include="LocalWindow.cpp">
      <Filter>Source Files</Filter>
    </ClCompile>
    <ClCompile Include="MainWindow.cpp">
      <Filter>Source Files</Filter>
    </ClCompile>
    <ClCompile Include="Message.cpp">
      <Filter>Source Files</Filter>
    </ClCompile>
    <ClCompile Include="MessageDialog.cpp">
      <Filter>Source Files</Filter>
    </ClCompile>
    <ClCompile Include="Pane.cpp">
      <Filter>Source Files</Filter>
    </ClCompile>
    <ClCompile Include="Splitter.cpp">
      <Filter>Source Files</Filter>
    </ClCompile>
    <ClCompile Include="Static.cpp">
      <Filter>Source Files</Filter>
    </ClCompile>
    <ClCompile Include="stdafx.cpp">
      <Filter>Source Files</Filter>
    </ClCompile>
    <ClCompile Include="Tooltip.cpp">
      <Filter>Source Files</Filter>
    </ClCompile>
  </ItemGroup>
  <ItemGroup>
    <ClInclude Include="CreateDialog.h">
      <Filter>Header Files</Filter>
    </ClInclude>
    <ClInclude Include="Edit.h">
      <Filter>Header Files</Filter>
    </ClInclude>
    <ClInclude Include="LocalDialog.h">
      <Filter>Header Files</Filter>
    </ClInclude>
    <ClInclude Include="LocalWindow.h">
      <Filter>Header Files</Filter>
    </ClInclude>
    <ClInclude Include="MainWindow.h">
      <Filter>Header Files</Filter>
    </ClInclude>
    <ClInclude Include="Message.h">
      <Filter>Header Files</Filter>
    </ClInclude>
    <ClInclude Include="MessageDialog.h">
      <Filter>Header Files</Filter>
    </ClInclude>
    <ClInclude Include="Pane.h">
      <Filter>Header Files</Filter>
    </ClInclude>
    <ClInclude Include="Splitter.h">
      <Filter>Header Files</Filter>
    </ClInclude>
    <ClInclude Include="Static.h">
      <Filter>Header Files</Filter>
    </ClInclude>
    <ClInclude Include="stdafx.h">
      <Filter>Header Files</Filter>
    </ClInclude>
    <ClInclude Include="Tooltip.h">
      <Filter>Header Files</Filter>
    </ClInclude>
  </ItemGroup>
</Project>